
Microsoft Visual Studio Solution File, Format Version 12.00
# Visual Studio 2013
VisualStudioVersion = 12.0.31101.0
MinimumVisualStudioVersion = 10.0.40219.1
Project("{FAE04EC0-301F-11D3-BF4B-00C04F79EFBC}") = "01.PrintOddLines", "01.PrintOddLines\01.PrintOddLines.csproj", "{63CACCEC-D342-4B08-904F-BF5EEE988F2D}"
EndProject
Project("{FAE04EC0-301F-11D3-BF4B-00C04F79EFBC}") = "02.ConcatenateTwoTextFiles", "02.ConcatenateTwoTextFiles\02.ConcatenateTwoTextFiles.csproj", "{38B33166-E530-40E1-B8C2-751A491FC2DC}"
EndProject
Project("{FAE04EC0-301F-11D3-BF4B-00C04F79EFBC}") = "03.NumberingLines", "03.NumberingLines\03.NumberingLines.csproj", "{50220569-74F8-4903-92F2-049447AC2BC1}"
EndProject
Project("{FAE04EC0-301F-11D3-BF4B-00C04F79EFBC}") = "04.CompareLineByLine", "04.CompareLineByLine\04.CompareLineByLine.csproj", "{4F413BB3-9E94-4D99-AF48-D68AC4DA096E}"
EndProject
Project("{FAE04EC0-301F-11D3-BF4B-00C04F79EFBC}") = "05.MaximalSumInMatrix", "05.MaximalSumInMatrix\05.MaximalSumInMatrix.csproj", "{305CF7FA-78BE-4466-9A04-B93954E2B4EA}"
EndProject
Project("{FAE04EC0-301F-11D3-BF4B-00C04F79EFBC}") = "06.SortList", "06.SortList\06.SortList.csproj", "{5D03206F-CD21-4E26-BDE5-7184C62FCC45}"
EndProject
Project("{FAE04EC0-301F-11D3-BF4B-00C04F79EFBC}") = "07.ReplaceSubstring", "07.ReplaceSubstring\07.ReplaceSubstring.csproj", "{29C30FFF-0CF8-43B4-B2FA-F58C94986D0E}"
EndProject
Project("{FAE04EC0-301F-11D3-BF4B-00C04F79EFBC}") = "08.ReplaceWords", "08.ReplaceWords\08.ReplaceWords.csproj", "{D99DA04E-C1E1-412A-8C0D-9AEF1B102D22}"
EndProject
Project("{FAE04EC0-301F-11D3-BF4B-00C04F79EFBC}") = "09.DeleteOddLines", "09.DeleteOddLines\09.DeleteOddLines.csproj", "{A28F520A-0530-409C-84D5-63F7D0F2095E}"
EndProject
Project("{FAE04EC0-301F-11D3-BF4B-00C04F79EFBC}") = "10.RemoveTags", "10.RemoveTags\10.RemoveTags.csproj", "{37343935-B18C-409F-8C44-221E63992823}"
EndProject
Project("{FAE04EC0-301F-11D3-BF4B-00C04F79EFBC}") = "11.PrefixTest", "PrefixTest\11.PrefixTest.csproj", "{0A3ABCA2-E58F-48C0-B475-356E88C04A04}"
EndProject
Project("{FAE04EC0-301F-11D3-BF4B-00C04F79EFBC}") = "12.RemoveWords", "RemoveWords\12.RemoveWords.csproj", "{90F35ED7-4699-4B33-A97F-1E1022AF673B}"
EndProject
Project("{FAE04EC0-301F-11D3-BF4B-00C04F79EFBC}") = "13.CountWords", "CountWords\13.CountWords.csproj", "{DDDEAB89-8F4C-4BC3-91D2-AADE82057089}"
EndProject
Global
	GlobalSection(SolutionConfigurationPlatforms) = preSolution
		Debug|Any CPU = Debug|Any CPU
		Release|Any CPU = Release|Any CPU
	EndGlobalSection
	GlobalSection(ProjectConfigurationPlatforms) = postSolution
		{63CACCEC-D342-4B08-904F-BF5EEE988F2D}.Debug|Any CPU.ActiveCfg = Debug|Any CPU
		{63CACCEC-D342-4B08-904F-BF5EEE988F2D}.Debug|Any CPU.Build.0 = Debug|Any CPU
		{63CACCEC-D342-4B08-904F-BF5EEE988F2D}.Release|Any CPU.ActiveCfg = Release|Any CPU
		{63CACCEC-D342-4B08-904F-BF5EEE988F2D}.Release|Any CPU.Build.0 = Release|Any CPU
		{38B33166-E530-40E1-B8C2-751A491FC2DC}.Debug|Any CPU.ActiveCfg = Debug|Any CPU
		{38B33166-E530-40E1-B8C2-751A491FC2DC}.Debug|Any CPU.Build.0 = Debug|Any CPU
		{38B33166-E530-40E1-B8C2-751A491FC2DC}.Release|Any CPU.ActiveCfg = Release|Any CPU
		{38B33166-E530-40E1-B8C2-751A491FC2DC}.Release|Any CPU.Build.0 = Release|Any CPU
		{50220569-74F8-4903-92F2-049447AC2BC1}.Debug|Any CPU.ActiveCfg = Debug|Any CPU
		{50220569-74F8-4903-92F2-049447AC2BC1}.Debug|Any CPU.Build.0 = Debug|Any CPU
		{50220569-74F8-4903-92F2-049447AC2BC1}.Release|Any CPU.ActiveCfg = Release|Any CPU
		{50220569-74F8-4903-92F2-049447AC2BC1}.Release|Any CPU.Build.0 = Release|Any CPU
		{4F413BB3-9E94-4D99-AF48-D68AC4DA096E}.Debug|Any CPU.ActiveCfg = Debug|Any CPU
		{4F413BB3-9E94-4D99-AF48-D68AC4DA096E}.Debug|Any CPU.Build.0 = Debug|Any CPU
		{4F413BB3-9E94-4D99-AF48-D68AC4DA096E}.Release|Any CPU.ActiveCfg = Release|Any CPU
		{4F413BB3-9E94-4D99-AF48-D68AC4DA096E}.Release|Any CPU.Build.0 = Release|Any CPU
		{305CF7FA-78BE-4466-9A04-B93954E2B4EA}.Debug|Any CPU.ActiveCfg = Debug|Any CPU
		{305CF7FA-78BE-4466-9A04-B93954E2B4EA}.Debug|Any CPU.Build.0 = Debug|Any CPU
		{305CF7FA-78BE-4466-9A04-B93954E2B4EA}.Release|Any CPU.ActiveCfg = Release|Any CPU
		{305CF7FA-78BE-4466-9A04-B93954E2B4EA}.Release|Any CPU.Build.0 = Release|Any CPU
		{5D03206F-CD21-4E26-BDE5-7184C62FCC45}.Debug|Any CPU.ActiveCfg = Debug|Any CPU
		{5D03206F-CD21-4E26-BDE5-7184C62FCC45}.Debug|Any CPU.Build.0 = Debug|Any CPU
		{5D03206F-CD21-4E26-BDE5-7184C62FCC45}.Release|Any CPU.ActiveCfg = Release|Any CPU
		{5D03206F-CD21-4E26-BDE5-7184C62FCC45}.Release|Any CPU.Build.0 = Release|Any CPU
		{29C30FFF-0CF8-43B4-B2FA-F58C94986D0E}.Debug|Any CPU.ActiveCfg = Debug|Any CPU
		{29C30FFF-0CF8-43B4-B2FA-F58C94986D0E}.Debug|Any CPU.Build.0 = Debug|Any CPU
		{29C30FFF-0CF8-43B4-B2FA-F58C94986D0E}.Release|Any CPU.ActiveCfg = Release|Any CPU
		{29C30FFF-0CF8-43B4-B2FA-F58C94986D0E}.Release|Any CPU.Build.0 = Release|Any CPU
		{D99DA04E-C1E1-412A-8C0D-9AEF1B102D22}.Debug|Any CPU.ActiveCfg = Debug|Any CPU
		{D99DA04E-C1E1-412A-8C0D-9AEF1B102D22}.Debug|Any CPU.Build.0 = Debug|Any CPU
		{D99DA04E-C1E1-412A-8C0D-9AEF1B102D22}.Release|Any CPU.ActiveCfg = Release|Any CPU
		{D99DA04E-C1E1-412A-8C0D-9AEF1B102D22}.Release|Any CPU.Build.0 = Release|Any CPU
		{A28F520A-0530-409C-84D5-63F7D0F2095E}.Debug|Any CPU.ActiveCfg = Debug|Any CPU
		{A28F520A-0530-409C-84D5-63F7D0F2095E}.Debug|Any CPU.Build.0 = Debug|Any CPU
		{A28F520A-0530-409C-84D5-63F7D0F2095E}.Release|Any CPU.ActiveCfg = Release|Any CPU
		{A28F520A-0530-409C-84D5-63F7D0F2095E}.Release|Any CPU.Build.0 = Release|Any CPU
		{37343935-B18C-409F-8C44-221E63992823}.Debug|Any CPU.ActiveCfg = Debug|Any CPU
		{37343935-B18C-409F-8C44-221E63992823}.Debug|Any CPU.Build.0 = Debug|Any CPU
		{37343935-B18C-409F-8C44-221E63992823}.Release|Any CPU.ActiveCfg = Release|Any CPU
		{37343935-B18C-409F-8C44-221E63992823}.Release|Any CPU.Build.0 = Release|Any CPU
		{0A3ABCA2-E58F-48C0-B475-356E88C04A04}.Debug|Any CPU.ActiveCfg = Debug|Any CPU
		{0A3ABCA2-E58F-48C0-B475-356E88C04A04}.Debug|Any CPU.Build.0 = Debug|Any CPU
		{0A3ABCA2-E58F-48C0-B475-356E88C04A04}.Release|Any CPU.ActiveCfg = Release|Any CPU
		{0A3ABCA2-E58F-48C0-B475-356E88C04A04}.Release|Any CPU.Build.0 = Release|Any CPU
		{90F35ED7-4699-4B33-A97F-1E1022AF673B}.Debug|Any CPU.ActiveCfg = Debug|Any CPU
		{90F35ED7-4699-4B33-A97F-1E1022AF673B}.Debug|Any CPU.Build.0 = Debug|Any CPU
		{90F35ED7-4699-4B33-A97F-1E1022AF673B}.Release|Any CPU.ActiveCfg = Release|Any CPU
		{90F35ED7-4699-4B33-A97F-1E1022AF673B}.Release|Any CPU.Build.0 = Release|Any CPU
		{DDDEAB89-8F4C-4BC3-91D2-AADE82057089}.Debug|Any CPU.ActiveCfg = Debug|Any CPU
		{DDDEAB89-8F4C-4BC3-91D2-AADE82057089}.Debug|Any CPU.Build.0 = Debug|Any CPU
		{DDDEAB89-8F4C-4BC3-91D2-AADE82057089}.Release|Any CPU.ActiveCfg = Release|Any CPU
		{DDDEAB89-8F4C-4BC3-91D2-AADE82057089}.Release|Any CPU.Build.0 = Release|Any CPU
	EndGlobalSection
	GlobalSection(SolutionProperties) = preSolution
		HideSolutionNode = FALSE
	EndGlobalSection
EndGlobal
