
Microsoft Visual Studio Solution File, Format Version 12.00
# Visual Studio 2013
VisualStudioVersion = 12.0.30723.0
MinimumVisualStudioVersion = 10.0.40219.1
Project("{FAE04EC0-301F-11D3-BF4B-00C04F79EFBC}") = "01.PrintHelloName", "01.PrintHelloName\01.PrintHelloName.csproj", "{6D61409A-C80E-4319-9529-D7D711D83D20}"
EndProject
Project("{FAE04EC0-301F-11D3-BF4B-00C04F79EFBC}") = "02.GetMaxMethod", "02.GetMaxMethod\02.GetMaxMethod.csproj", "{D0A74197-F949-4284-B935-8D2633CAADF1}"
EndProject
Project("{FAE04EC0-301F-11D3-BF4B-00C04F79EFBC}") = "03.LastDigitAsWord", "03.LastDigitAsWord\03.LastDigitAsWord.csproj", "{F9725515-6C48-46CD-8FBF-33D18DB1FD61}"
EndProject
Project("{FAE04EC0-301F-11D3-BF4B-00C04F79EFBC}") = "04.AppearanceOfNumber", "04.AppearanceOfNumber\04.AppearanceOfNumber.csproj", "{012F5559-9A57-4489-BCDF-22B4A0104FA0}"
EndProject
Project("{FAE04EC0-301F-11D3-BF4B-00C04F79EFBC}") = "04.TestAppearanceOfNumber", "04.TestAppearanceOfNumber\04.TestAppearanceOfNumber.csproj", "{315DDCD5-2094-4094-AA0A-88B968FEA594}"
EndProject
Project("{FAE04EC0-301F-11D3-BF4B-00C04F79EFBC}") = "05.BiggerThanTheTwoNeighbours", "05.BiggerThanTheTwoNeighbors\05.BiggerThanTheTwoNeighbours.csproj", "{83591EA6-29C0-4A36-AE38-CF5D172492F4}"
EndProject
Project("{FAE04EC0-301F-11D3-BF4B-00C04F79EFBC}") = "06. IndexOfFirstElementBiggerThanNeighbours", "06. IndexOfFirstElementBiggerThanNeighbours\06. IndexOfFirstElementBiggerThanNeighbours.csproj", "{E9E82441-B804-4DF4-9AF0-76C77BDB340A}"
EndProject
Project("{FAE04EC0-301F-11D3-BF4B-00C04F79EFBC}") = "07.ReverseTheDigits", "07.ReverseTheDigits\07.ReverseTheDigits.csproj", "{3CEC4A7C-B3DF-4AB6-B0A7-F55A4C98FB15}"
EndProject
Project("{FAE04EC0-301F-11D3-BF4B-00C04F79EFBC}") = "08.AddArraysOfDigits", "08.AddArraysOfDigits\08.AddArraysOfDigits.csproj", "{88D6A178-2CB5-4576-9E28-EC97DF3AE7CE}"
EndProject
Project("{FAE04EC0-301F-11D3-BF4B-00C04F79EFBC}") = "tests", "tests\tests.csproj", "{20C38DE7-495F-4AED-9858-963454786879}"
EndProject
Project("{FAE04EC0-301F-11D3-BF4B-00C04F79EFBC}") = "09.MaximalElementInArrayPortion", "09.MaximalElementInArrayPortion\09.MaximalElementInArrayPortion.csproj", "{1CB58465-0EFD-4DCA-B545-45FADEC55EBD}"
EndProject
Project("{FAE04EC0-301F-11D3-BF4B-00C04F79EFBC}") = "10.CalculateFactorial", "10.CalculateFactorial\10.CalculateFactorial.csproj", "{F4D848D1-5BDC-4CA1-8CF3-F05839D6E8B6}"
EndProject
Global
	GlobalSection(SolutionConfigurationPlatforms) = preSolution
		Debug|Any CPU = Debug|Any CPU
		Release|Any CPU = Release|Any CPU
	EndGlobalSection
	GlobalSection(ProjectConfigurationPlatforms) = postSolution
		{6D61409A-C80E-4319-9529-D7D711D83D20}.Debug|Any CPU.ActiveCfg = Debug|Any CPU
		{6D61409A-C80E-4319-9529-D7D711D83D20}.Debug|Any CPU.Build.0 = Debug|Any CPU
		{6D61409A-C80E-4319-9529-D7D711D83D20}.Release|Any CPU.ActiveCfg = Release|Any CPU
		{6D61409A-C80E-4319-9529-D7D711D83D20}.Release|Any CPU.Build.0 = Release|Any CPU
		{D0A74197-F949-4284-B935-8D2633CAADF1}.Debug|Any CPU.ActiveCfg = Debug|Any CPU
		{D0A74197-F949-4284-B935-8D2633CAADF1}.Debug|Any CPU.Build.0 = Debug|Any CPU
		{D0A74197-F949-4284-B935-8D2633CAADF1}.Release|Any CPU.ActiveCfg = Release|Any CPU
		{D0A74197-F949-4284-B935-8D2633CAADF1}.Release|Any CPU.Build.0 = Release|Any CPU
		{F9725515-6C48-46CD-8FBF-33D18DB1FD61}.Debug|Any CPU.ActiveCfg = Debug|Any CPU
		{F9725515-6C48-46CD-8FBF-33D18DB1FD61}.Debug|Any CPU.Build.0 = Debug|Any CPU
		{F9725515-6C48-46CD-8FBF-33D18DB1FD61}.Release|Any CPU.ActiveCfg = Release|Any CPU
		{F9725515-6C48-46CD-8FBF-33D18DB1FD61}.Release|Any CPU.Build.0 = Release|Any CPU
		{012F5559-9A57-4489-BCDF-22B4A0104FA0}.Debug|Any CPU.ActiveCfg = Debug|Any CPU
		{012F5559-9A57-4489-BCDF-22B4A0104FA0}.Debug|Any CPU.Build.0 = Debug|Any CPU
		{012F5559-9A57-4489-BCDF-22B4A0104FA0}.Release|Any CPU.ActiveCfg = Release|Any CPU
		{012F5559-9A57-4489-BCDF-22B4A0104FA0}.Release|Any CPU.Build.0 = Release|Any CPU
		{315DDCD5-2094-4094-AA0A-88B968FEA594}.Debug|Any CPU.ActiveCfg = Debug|Any CPU
		{315DDCD5-2094-4094-AA0A-88B968FEA594}.Debug|Any CPU.Build.0 = Debug|Any CPU
		{315DDCD5-2094-4094-AA0A-88B968FEA594}.Release|Any CPU.ActiveCfg = Release|Any CPU
		{315DDCD5-2094-4094-AA0A-88B968FEA594}.Release|Any CPU.Build.0 = Release|Any CPU
		{83591EA6-29C0-4A36-AE38-CF5D172492F4}.Debug|Any CPU.ActiveCfg = Debug|Any CPU
		{83591EA6-29C0-4A36-AE38-CF5D172492F4}.Debug|Any CPU.Build.0 = Debug|Any CPU
		{83591EA6-29C0-4A36-AE38-CF5D172492F4}.Release|Any CPU.ActiveCfg = Release|Any CPU
		{83591EA6-29C0-4A36-AE38-CF5D172492F4}.Release|Any CPU.Build.0 = Release|Any CPU
		{E9E82441-B804-4DF4-9AF0-76C77BDB340A}.Debug|Any CPU.ActiveCfg = Debug|Any CPU
		{E9E82441-B804-4DF4-9AF0-76C77BDB340A}.Debug|Any CPU.Build.0 = Debug|Any CPU
		{E9E82441-B804-4DF4-9AF0-76C77BDB340A}.Release|Any CPU.ActiveCfg = Release|Any CPU
		{E9E82441-B804-4DF4-9AF0-76C77BDB340A}.Release|Any CPU.Build.0 = Release|Any CPU
		{3CEC4A7C-B3DF-4AB6-B0A7-F55A4C98FB15}.Debug|Any CPU.ActiveCfg = Debug|Any CPU
		{3CEC4A7C-B3DF-4AB6-B0A7-F55A4C98FB15}.Debug|Any CPU.Build.0 = Debug|Any CPU
		{3CEC4A7C-B3DF-4AB6-B0A7-F55A4C98FB15}.Release|Any CPU.ActiveCfg = Release|Any CPU
		{3CEC4A7C-B3DF-4AB6-B0A7-F55A4C98FB15}.Release|Any CPU.Build.0 = Release|Any CPU
		{88D6A178-2CB5-4576-9E28-EC97DF3AE7CE}.Debug|Any CPU.ActiveCfg = Debug|Any CPU
		{88D6A178-2CB5-4576-9E28-EC97DF3AE7CE}.Debug|Any CPU.Build.0 = Debug|Any CPU
		{88D6A178-2CB5-4576-9E28-EC97DF3AE7CE}.Release|Any CPU.ActiveCfg = Release|Any CPU
		{88D6A178-2CB5-4576-9E28-EC97DF3AE7CE}.Release|Any CPU.Build.0 = Release|Any CPU
		{20C38DE7-495F-4AED-9858-963454786879}.Debug|Any CPU.ActiveCfg = Debug|Any CPU
		{20C38DE7-495F-4AED-9858-963454786879}.Debug|Any CPU.Build.0 = Debug|Any CPU
		{20C38DE7-495F-4AED-9858-963454786879}.Release|Any CPU.ActiveCfg = Release|Any CPU
		{20C38DE7-495F-4AED-9858-963454786879}.Release|Any CPU.Build.0 = Release|Any CPU
		{1CB58465-0EFD-4DCA-B545-45FADEC55EBD}.Debug|Any CPU.ActiveCfg = Debug|Any CPU
		{1CB58465-0EFD-4DCA-B545-45FADEC55EBD}.Debug|Any CPU.Build.0 = Debug|Any CPU
		{1CB58465-0EFD-4DCA-B545-45FADEC55EBD}.Release|Any CPU.ActiveCfg = Release|Any CPU
		{1CB58465-0EFD-4DCA-B545-45FADEC55EBD}.Release|Any CPU.Build.0 = Release|Any CPU
		{F4D848D1-5BDC-4CA1-8CF3-F05839D6E8B6}.Debug|Any CPU.ActiveCfg = Debug|Any CPU
		{F4D848D1-5BDC-4CA1-8CF3-F05839D6E8B6}.Debug|Any CPU.Build.0 = Debug|Any CPU
		{F4D848D1-5BDC-4CA1-8CF3-F05839D6E8B6}.Release|Any CPU.ActiveCfg = Release|Any CPU
		{F4D848D1-5BDC-4CA1-8CF3-F05839D6E8B6}.Release|Any CPU.Build.0 = Release|Any CPU
	EndGlobalSection
	GlobalSection(SolutionProperties) = preSolution
		HideSolutionNode = FALSE
	EndGlobalSection
EndGlobal
