
Microsoft Visual Studio Solution File, Format Version 12.00
# Visual Studio 2013
VisualStudioVersion = 12.0.30723.0
MinimumVisualStudioVersion = 10.0.40219.1
Project("{FAE04EC0-301F-11D3-BF4B-00C04F79EFBC}") = "01.CreatingAndPrintingMatrix", "01.CreatingAndPrintingMatrix\01.CreatingAndPrintingMatrix.csproj", "{3F8CDD36-0CDC-4C19-97CD-16B5E19A45C7}"
EndProject
Project("{FAE04EC0-301F-11D3-BF4B-00C04F79EFBC}") = "test", "test\test.csproj", "{E60EC240-B8F1-4994-BAF7-9F759C34F258}"
EndProject
Project("{FAE04EC0-301F-11D3-BF4B-00C04F79EFBC}") = "test1D", "test1D\test1D.csproj", "{995F12E6-D884-417C-BC6F-71A68072F0F8}"
EndProject
Project("{FAE04EC0-301F-11D3-BF4B-00C04F79EFBC}") = "02. MaximalSumThreeByThree", "02. MaximalSumThreeByThree\02. MaximalSumThreeByThree.csproj", "{90844BC3-3AE9-47EA-8D13-9D2AE2BA6133}"
EndProject
Project("{FAE04EC0-301F-11D3-BF4B-00C04F79EFBC}") = "03. LongestSequenceOfEqualStrings", "03. LongestSequenceOfEqualStrings\03. LongestSequenceOfEqualStrings.csproj", "{1B385274-CFDC-4D5A-992F-69F19F1EE499}"
EndProject
Project("{FAE04EC0-301F-11D3-BF4B-00C04F79EFBC}") = "04.UsingBinarySearchMethod", "04.UsingBinarySearchMethod\04.UsingBinarySearchMethod.csproj", "{86E4F3A1-D543-4713-AB89-818052B0AF58}"
EndProject
Project("{FAE04EC0-301F-11D3-BF4B-00C04F79EFBC}") = "05.SortByTheNumberOfCharacters", "05.SortByTheNumberOfCharacters\05.SortByTheNumberOfCharacters.csproj", "{7E40AFCF-685C-4341-80D2-31397DA03A1A}"
EndProject
Global
	GlobalSection(SolutionConfigurationPlatforms) = preSolution
		Debug|Any CPU = Debug|Any CPU
		Release|Any CPU = Release|Any CPU
	EndGlobalSection
	GlobalSection(ProjectConfigurationPlatforms) = postSolution
		{3F8CDD36-0CDC-4C19-97CD-16B5E19A45C7}.Debug|Any CPU.ActiveCfg = Debug|Any CPU
		{3F8CDD36-0CDC-4C19-97CD-16B5E19A45C7}.Debug|Any CPU.Build.0 = Debug|Any CPU
		{3F8CDD36-0CDC-4C19-97CD-16B5E19A45C7}.Release|Any CPU.ActiveCfg = Release|Any CPU
		{3F8CDD36-0CDC-4C19-97CD-16B5E19A45C7}.Release|Any CPU.Build.0 = Release|Any CPU
		{E60EC240-B8F1-4994-BAF7-9F759C34F258}.Debug|Any CPU.ActiveCfg = Debug|Any CPU
		{E60EC240-B8F1-4994-BAF7-9F759C34F258}.Debug|Any CPU.Build.0 = Debug|Any CPU
		{E60EC240-B8F1-4994-BAF7-9F759C34F258}.Release|Any CPU.ActiveCfg = Release|Any CPU
		{E60EC240-B8F1-4994-BAF7-9F759C34F258}.Release|Any CPU.Build.0 = Release|Any CPU
		{995F12E6-D884-417C-BC6F-71A68072F0F8}.Debug|Any CPU.ActiveCfg = Debug|Any CPU
		{995F12E6-D884-417C-BC6F-71A68072F0F8}.Debug|Any CPU.Build.0 = Debug|Any CPU
		{995F12E6-D884-417C-BC6F-71A68072F0F8}.Release|Any CPU.ActiveCfg = Release|Any CPU
		{995F12E6-D884-417C-BC6F-71A68072F0F8}.Release|Any CPU.Build.0 = Release|Any CPU
		{90844BC3-3AE9-47EA-8D13-9D2AE2BA6133}.Debug|Any CPU.ActiveCfg = Debug|Any CPU
		{90844BC3-3AE9-47EA-8D13-9D2AE2BA6133}.Debug|Any CPU.Build.0 = Debug|Any CPU
		{90844BC3-3AE9-47EA-8D13-9D2AE2BA6133}.Release|Any CPU.ActiveCfg = Release|Any CPU
		{90844BC3-3AE9-47EA-8D13-9D2AE2BA6133}.Release|Any CPU.Build.0 = Release|Any CPU
		{1B385274-CFDC-4D5A-992F-69F19F1EE499}.Debug|Any CPU.ActiveCfg = Debug|Any CPU
		{1B385274-CFDC-4D5A-992F-69F19F1EE499}.Debug|Any CPU.Build.0 = Debug|Any CPU
		{1B385274-CFDC-4D5A-992F-69F19F1EE499}.Release|Any CPU.ActiveCfg = Release|Any CPU
		{1B385274-CFDC-4D5A-992F-69F19F1EE499}.Release|Any CPU.Build.0 = Release|Any CPU
		{86E4F3A1-D543-4713-AB89-818052B0AF58}.Debug|Any CPU.ActiveCfg = Debug|Any CPU
		{86E4F3A1-D543-4713-AB89-818052B0AF58}.Debug|Any CPU.Build.0 = Debug|Any CPU
		{86E4F3A1-D543-4713-AB89-818052B0AF58}.Release|Any CPU.ActiveCfg = Release|Any CPU
		{86E4F3A1-D543-4713-AB89-818052B0AF58}.Release|Any CPU.Build.0 = Release|Any CPU
		{7E40AFCF-685C-4341-80D2-31397DA03A1A}.Debug|Any CPU.ActiveCfg = Debug|Any CPU
		{7E40AFCF-685C-4341-80D2-31397DA03A1A}.Debug|Any CPU.Build.0 = Debug|Any CPU
		{7E40AFCF-685C-4341-80D2-31397DA03A1A}.Release|Any CPU.ActiveCfg = Release|Any CPU
		{7E40AFCF-685C-4341-80D2-31397DA03A1A}.Release|Any CPU.Build.0 = Release|Any CPU
	EndGlobalSection
	GlobalSection(SolutionProperties) = preSolution
		HideSolutionNode = FALSE
	EndGlobalSection
EndGlobal
