
Microsoft Visual Studio Solution File, Format Version 12.00
# Visual Studio 2013
VisualStudioVersion = 12.0.30110.0
MinimumVisualStudioVersion = 10.0.40219.1
Project("{FAE04EC0-301F-11D3-BF4B-00C04F79EFBC}") = "01.NNestedLoops", "NNestedLoops\01.NNestedLoops.csproj", "{C1A9F3A3-5D1B-464D-AD2F-DB577D2E4068}"
EndProject
Project("{FAE04EC0-301F-11D3-BF4B-00C04F79EFBC}") = "02.AllCombinationsWithDuplicates", "AllCombinationsWithDuplicates\02.AllCombinationsWithDuplicates.csproj", "{19CE9AFB-3212-43F7-A6B5-ADF9CA9A1CB6}"
EndProject
Project("{FAE04EC0-301F-11D3-BF4B-00C04F79EFBC}") = "03.AllCombinationsWithoutDuplicates", "AllCombinationsWithoutDuplicates\03.AllCombinationsWithoutDuplicates.csproj", "{8EE9F916-3FAE-4F83-AB22-66A86BE1692A}"
EndProject
Global
	GlobalSection(SolutionConfigurationPlatforms) = preSolution
		Debug|Any CPU = Debug|Any CPU
		Release|Any CPU = Release|Any CPU
	EndGlobalSection
	GlobalSection(ProjectConfigurationPlatforms) = postSolution
		{C1A9F3A3-5D1B-464D-AD2F-DB577D2E4068}.Debug|Any CPU.ActiveCfg = Debug|Any CPU
		{C1A9F3A3-5D1B-464D-AD2F-DB577D2E4068}.Debug|Any CPU.Build.0 = Debug|Any CPU
		{C1A9F3A3-5D1B-464D-AD2F-DB577D2E4068}.Release|Any CPU.ActiveCfg = Release|Any CPU
		{C1A9F3A3-5D1B-464D-AD2F-DB577D2E4068}.Release|Any CPU.Build.0 = Release|Any CPU
		{19CE9AFB-3212-43F7-A6B5-ADF9CA9A1CB6}.Debug|Any CPU.ActiveCfg = Debug|Any CPU
		{19CE9AFB-3212-43F7-A6B5-ADF9CA9A1CB6}.Debug|Any CPU.Build.0 = Debug|Any CPU
		{19CE9AFB-3212-43F7-A6B5-ADF9CA9A1CB6}.Release|Any CPU.ActiveCfg = Release|Any CPU
		{19CE9AFB-3212-43F7-A6B5-ADF9CA9A1CB6}.Release|Any CPU.Build.0 = Release|Any CPU
		{8EE9F916-3FAE-4F83-AB22-66A86BE1692A}.Debug|Any CPU.ActiveCfg = Debug|Any CPU
		{8EE9F916-3FAE-4F83-AB22-66A86BE1692A}.Debug|Any CPU.Build.0 = Debug|Any CPU
		{8EE9F916-3FAE-4F83-AB22-66A86BE1692A}.Release|Any CPU.ActiveCfg = Release|Any CPU
		{8EE9F916-3FAE-4F83-AB22-66A86BE1692A}.Release|Any CPU.Build.0 = Release|Any CPU
	EndGlobalSection
	GlobalSection(SolutionProperties) = preSolution
		HideSolutionNode = FALSE
	EndGlobalSection
EndGlobal
