
Microsoft Visual Studio Solution File, Format Version 12.00
# Visual Studio 2013
VisualStudioVersion = 12.0.31101.0
MinimumVisualStudioVersion = 10.0.40219.1
Project("{FAE04EC0-301F-11D3-BF4B-00C04F79EFBC}") = "TestPoint", "TestPoint\TestPoint.csproj", "{BD548F5C-B17D-470D-9468-972DE7752224}"
EndProject
Project("{FAE04EC0-301F-11D3-BF4B-00C04F79EFBC}") = "Point", "Point\Point.csproj", "{F40862D6-82C2-4ABD-9839-008C2AB6480A}"
EndProject
Project("{FAE04EC0-301F-11D3-BF4B-00C04F79EFBC}") = "TestGenericClass", "TestGenericClass\TestGenericClass.csproj", "{38ECBB70-EFB9-42CF-9424-CA2DC195BCBC}"
EndProject
Project("{FAE04EC0-301F-11D3-BF4B-00C04F79EFBC}") = "GenericList", "GenericList\GenericList.csproj", "{467C5BAB-D568-4892-93BA-810801E393B5}"
EndProject
Project("{FAE04EC0-301F-11D3-BF4B-00C04F79EFBC}") = "Matrix", "Matrix\Matrix.csproj", "{89637BD6-F15C-4878-9F2D-6131BED61E13}"
EndProject
Project("{FAE04EC0-301F-11D3-BF4B-00C04F79EFBC}") = "TestMatrix", "TestMatrix\TestMatrix.csproj", "{A0300AA7-6025-4C81-9A6D-39477D465741}"
EndProject
Global
	GlobalSection(SolutionConfigurationPlatforms) = preSolution
		Debug|Any CPU = Debug|Any CPU
		Release|Any CPU = Release|Any CPU
	EndGlobalSection
	GlobalSection(ProjectConfigurationPlatforms) = postSolution
		{BD548F5C-B17D-470D-9468-972DE7752224}.Debug|Any CPU.ActiveCfg = Debug|Any CPU
		{BD548F5C-B17D-470D-9468-972DE7752224}.Debug|Any CPU.Build.0 = Debug|Any CPU
		{BD548F5C-B17D-470D-9468-972DE7752224}.Release|Any CPU.ActiveCfg = Release|Any CPU
		{BD548F5C-B17D-470D-9468-972DE7752224}.Release|Any CPU.Build.0 = Release|Any CPU
		{F40862D6-82C2-4ABD-9839-008C2AB6480A}.Debug|Any CPU.ActiveCfg = Debug|Any CPU
		{F40862D6-82C2-4ABD-9839-008C2AB6480A}.Debug|Any CPU.Build.0 = Debug|Any CPU
		{F40862D6-82C2-4ABD-9839-008C2AB6480A}.Release|Any CPU.ActiveCfg = Release|Any CPU
		{F40862D6-82C2-4ABD-9839-008C2AB6480A}.Release|Any CPU.Build.0 = Release|Any CPU
		{38ECBB70-EFB9-42CF-9424-CA2DC195BCBC}.Debug|Any CPU.ActiveCfg = Debug|Any CPU
		{38ECBB70-EFB9-42CF-9424-CA2DC195BCBC}.Debug|Any CPU.Build.0 = Debug|Any CPU
		{38ECBB70-EFB9-42CF-9424-CA2DC195BCBC}.Release|Any CPU.ActiveCfg = Release|Any CPU
		{38ECBB70-EFB9-42CF-9424-CA2DC195BCBC}.Release|Any CPU.Build.0 = Release|Any CPU
		{467C5BAB-D568-4892-93BA-810801E393B5}.Debug|Any CPU.ActiveCfg = Debug|Any CPU
		{467C5BAB-D568-4892-93BA-810801E393B5}.Debug|Any CPU.Build.0 = Debug|Any CPU
		{467C5BAB-D568-4892-93BA-810801E393B5}.Release|Any CPU.ActiveCfg = Release|Any CPU
		{467C5BAB-D568-4892-93BA-810801E393B5}.Release|Any CPU.Build.0 = Release|Any CPU
		{89637BD6-F15C-4878-9F2D-6131BED61E13}.Debug|Any CPU.ActiveCfg = Debug|Any CPU
		{89637BD6-F15C-4878-9F2D-6131BED61E13}.Debug|Any CPU.Build.0 = Debug|Any CPU
		{89637BD6-F15C-4878-9F2D-6131BED61E13}.Release|Any CPU.ActiveCfg = Release|Any CPU
		{89637BD6-F15C-4878-9F2D-6131BED61E13}.Release|Any CPU.Build.0 = Release|Any CPU
		{A0300AA7-6025-4C81-9A6D-39477D465741}.Debug|Any CPU.ActiveCfg = Debug|Any CPU
		{A0300AA7-6025-4C81-9A6D-39477D465741}.Debug|Any CPU.Build.0 = Debug|Any CPU
		{A0300AA7-6025-4C81-9A6D-39477D465741}.Release|Any CPU.ActiveCfg = Release|Any CPU
		{A0300AA7-6025-4C81-9A6D-39477D465741}.Release|Any CPU.Build.0 = Release|Any CPU
	EndGlobalSection
	GlobalSection(SolutionProperties) = preSolution
		HideSolutionNode = FALSE
	EndGlobalSection
EndGlobal
