
Microsoft Visual Studio Solution File, Format Version 12.00
# Visual Studio 2013
VisualStudioVersion = 12.0.30110.0
MinimumVisualStudioVersion = 10.0.40219.1
Project("{FAE04EC0-301F-11D3-BF4B-00C04F79EFBC}") = "Tests", "Tests\Tests.csproj", "{D0161EA5-1D2E-4999-AD8F-47C90D845571}"
EndProject
Project("{FAE04EC0-301F-11D3-BF4B-00C04F79EFBC}") = "fibonacciSumTest", "fibonacciSumTest\fibonacciSumTest.csproj", "{54D62DEF-96B1-41FB-A4AC-05D510B08BC2}"
EndProject
Project("{FAE04EC0-301F-11D3-BF4B-00C04F79EFBC}") = "catalan", "catalan\catalan.csproj", "{9B5F1D6F-47EC-40A0-9CC0-A8EB88B1F467}"
EndProject
Global
	GlobalSection(SolutionConfigurationPlatforms) = preSolution
		Debug|Any CPU = Debug|Any CPU
		Release|Any CPU = Release|Any CPU
	EndGlobalSection
	GlobalSection(ProjectConfigurationPlatforms) = postSolution
		{D0161EA5-1D2E-4999-AD8F-47C90D845571}.Debug|Any CPU.ActiveCfg = Debug|Any CPU
		{D0161EA5-1D2E-4999-AD8F-47C90D845571}.Debug|Any CPU.Build.0 = Debug|Any CPU
		{D0161EA5-1D2E-4999-AD8F-47C90D845571}.Release|Any CPU.ActiveCfg = Release|Any CPU
		{D0161EA5-1D2E-4999-AD8F-47C90D845571}.Release|Any CPU.Build.0 = Release|Any CPU
		{54D62DEF-96B1-41FB-A4AC-05D510B08BC2}.Debug|Any CPU.ActiveCfg = Debug|Any CPU
		{54D62DEF-96B1-41FB-A4AC-05D510B08BC2}.Debug|Any CPU.Build.0 = Debug|Any CPU
		{54D62DEF-96B1-41FB-A4AC-05D510B08BC2}.Release|Any CPU.ActiveCfg = Release|Any CPU
		{54D62DEF-96B1-41FB-A4AC-05D510B08BC2}.Release|Any CPU.Build.0 = Release|Any CPU
		{9B5F1D6F-47EC-40A0-9CC0-A8EB88B1F467}.Debug|Any CPU.ActiveCfg = Debug|Any CPU
		{9B5F1D6F-47EC-40A0-9CC0-A8EB88B1F467}.Debug|Any CPU.Build.0 = Debug|Any CPU
		{9B5F1D6F-47EC-40A0-9CC0-A8EB88B1F467}.Release|Any CPU.ActiveCfg = Release|Any CPU
		{9B5F1D6F-47EC-40A0-9CC0-A8EB88B1F467}.Release|Any CPU.Build.0 = Release|Any CPU
	EndGlobalSection
	GlobalSection(SolutionProperties) = preSolution
		HideSolutionNode = FALSE
	EndGlobalSection
EndGlobal
