
Microsoft Visual Studio Solution File, Format Version 12.00
# Visual Studio 2013
VisualStudioVersion = 12.0.31101.0
MinimumVisualStudioVersion = 10.0.40219.1
Project("{FAE04EC0-301F-11D3-BF4B-00C04F79EFBC}") = "TestPoint", "TestPoint\TestPoint.csproj", "{BD548F5C-B17D-470D-9468-972DE7752224}"
EndProject
Project("{FAE04EC0-301F-11D3-BF4B-00C04F79EFBC}") = "Point", "Point\Point.csproj", "{F40862D6-82C2-4ABD-9839-008C2AB6480A}"
EndProject
Global
	GlobalSection(SolutionConfigurationPlatforms) = preSolution
		Debug|Any CPU = Debug|Any CPU
		Release|Any CPU = Release|Any CPU
	EndGlobalSection
	GlobalSection(ProjectConfigurationPlatforms) = postSolution
		{BD548F5C-B17D-470D-9468-972DE7752224}.Debug|Any CPU.ActiveCfg = Debug|Any CPU
		{BD548F5C-B17D-470D-9468-972DE7752224}.Debug|Any CPU.Build.0 = Debug|Any CPU
		{BD548F5C-B17D-470D-9468-972DE7752224}.Release|Any CPU.ActiveCfg = Release|Any CPU
		{BD548F5C-B17D-470D-9468-972DE7752224}.Release|Any CPU.Build.0 = Release|Any CPU
		{F40862D6-82C2-4ABD-9839-008C2AB6480A}.Debug|Any CPU.ActiveCfg = Debug|Any CPU
		{F40862D6-82C2-4ABD-9839-008C2AB6480A}.Debug|Any CPU.Build.0 = Debug|Any CPU
		{F40862D6-82C2-4ABD-9839-008C2AB6480A}.Release|Any CPU.ActiveCfg = Release|Any CPU
		{F40862D6-82C2-4ABD-9839-008C2AB6480A}.Release|Any CPU.Build.0 = Release|Any CPU
	EndGlobalSection
	GlobalSection(SolutionProperties) = preSolution
		HideSolutionNode = FALSE
	EndGlobalSection
EndGlobal
