
Microsoft Visual Studio Solution File, Format Version 12.00
# Visual Studio 2013
VisualStudioVersion = 12.0.31101.0
MinimumVisualStudioVersion = 10.0.40219.1
Project("{FAE04EC0-301F-11D3-BF4B-00C04F79EFBC}") = "StudentSystem.Models", "StudentSystem.Models\StudentSystem.Models.csproj", "{C1BFF069-E6AB-4E27-8338-F1B35B83BD1A}"
EndProject
Project("{FAE04EC0-301F-11D3-BF4B-00C04F79EFBC}") = "StudentSystem.Data", "StudentSystem.Data\StudentSystem.Data.csproj", "{6F227737-A174-47C0-A790-D398F6EE7A81}"
EndProject
Project("{FAE04EC0-301F-11D3-BF4B-00C04F79EFBC}") = "StudentSystem.ConsloeClient", "StudentSystem.ConsloeClient\StudentSystem.ConsloeClient.csproj", "{0D717CD9-B91A-4ECC-BA14-97968892DF24}"
EndProject
Global
	GlobalSection(SolutionConfigurationPlatforms) = preSolution
		Debug|Any CPU = Debug|Any CPU
		Release|Any CPU = Release|Any CPU
	EndGlobalSection
	GlobalSection(ProjectConfigurationPlatforms) = postSolution
		{C1BFF069-E6AB-4E27-8338-F1B35B83BD1A}.Debug|Any CPU.ActiveCfg = Debug|Any CPU
		{C1BFF069-E6AB-4E27-8338-F1B35B83BD1A}.Debug|Any CPU.Build.0 = Debug|Any CPU
		{C1BFF069-E6AB-4E27-8338-F1B35B83BD1A}.Release|Any CPU.ActiveCfg = Release|Any CPU
		{C1BFF069-E6AB-4E27-8338-F1B35B83BD1A}.Release|Any CPU.Build.0 = Release|Any CPU
		{6F227737-A174-47C0-A790-D398F6EE7A81}.Debug|Any CPU.ActiveCfg = Debug|Any CPU
		{6F227737-A174-47C0-A790-D398F6EE7A81}.Debug|Any CPU.Build.0 = Debug|Any CPU
		{6F227737-A174-47C0-A790-D398F6EE7A81}.Release|Any CPU.ActiveCfg = Release|Any CPU
		{6F227737-A174-47C0-A790-D398F6EE7A81}.Release|Any CPU.Build.0 = Release|Any CPU
		{0D717CD9-B91A-4ECC-BA14-97968892DF24}.Debug|Any CPU.ActiveCfg = Debug|Any CPU
		{0D717CD9-B91A-4ECC-BA14-97968892DF24}.Debug|Any CPU.Build.0 = Debug|Any CPU
		{0D717CD9-B91A-4ECC-BA14-97968892DF24}.Release|Any CPU.ActiveCfg = Release|Any CPU
		{0D717CD9-B91A-4ECC-BA14-97968892DF24}.Release|Any CPU.Build.0 = Release|Any CPU
	EndGlobalSection
	GlobalSection(SolutionProperties) = preSolution
		HideSolutionNode = FALSE
	EndGlobalSection
EndGlobal
