
Microsoft Visual Studio Solution File, Format Version 12.00
# Visual Studio 2013
VisualStudioVersion = 12.0.30110.0
MinimumVisualStudioVersion = 10.0.40219.1
Project("{FAE04EC0-301F-11D3-BF4B-00C04F79EFBC}") = "01.SayHello", "SayHello\01.SayHello.csproj", "{584422F8-8FF8-4F6C-BDFF-B76FDF8FA3C9}"
EndProject
Project("{FAE04EC0-301F-11D3-BF4B-00C04F79EFBC}") = "02.GetLargestNumber", "GetLargestNumber\02.GetLargestNumber.csproj", "{6982167C-4249-4539-BB1B-D23AFD210F98}"
EndProject
Project("{FAE04EC0-301F-11D3-BF4B-00C04F79EFBC}") = "03.EnglishDigit", "EnglishDigit\03.EnglishDigit.csproj", "{B7B549CC-7977-4F6C-926C-489EB844B9AB}"
EndProject
Project("{FAE04EC0-301F-11D3-BF4B-00C04F79EFBC}") = "04.AppearanceCount", "AppearanceCount\04.AppearanceCount.csproj", "{0B3BC993-5885-446F-A0CF-BDBDABEC756A}"
EndProject
Project("{FAE04EC0-301F-11D3-BF4B-00C04F79EFBC}") = "05.LargerThanNeighbours", "LargerThanNeighbours\05.LargerThanNeighbours.csproj", "{43C25270-C7F5-40B1-847C-6685D6B89E84}"
EndProject
Project("{FAE04EC0-301F-11D3-BF4B-00C04F79EFBC}") = "06.FirstLargerThanNeighbours", "FirstLargerThanNeighbours\06.FirstLargerThanNeighbours.csproj", "{8BD91A34-3037-497F-AA3A-545B42FC3C49}"
EndProject
Project("{FAE04EC0-301F-11D3-BF4B-00C04F79EFBC}") = "07.ReverseNumber", "ReverseNumber\07.ReverseNumber.csproj", "{A2AD3CCD-36CA-46C4-A426-EC1C4ED8D4B1}"
EndProject
Project("{FAE04EC0-301F-11D3-BF4B-00C04F79EFBC}") = "08.NumberAsArray", "NumberAsArray\08.NumberAsArray.csproj", "{C69991AB-3C0D-46DD-9E1B-51B45EA8180F}"
EndProject
Project("{FAE04EC0-301F-11D3-BF4B-00C04F79EFBC}") = "09.SortingArray", "SortingArray\09.SortingArray.csproj", "{AFD98D39-FC4C-4A26-8F9F-2B705E347719}"
EndProject
Project("{FAE04EC0-301F-11D3-BF4B-00C04F79EFBC}") = "10.NFactorial", "NFactorial\10.NFactorial.csproj", "{AF6D0EC7-C489-46B3-9766-509B2319A199}"
EndProject
Project("{FAE04EC0-301F-11D3-BF4B-00C04F79EFBC}") = "11.AddingPolynomials", "AddingPolynomials\11.AddingPolynomials.csproj", "{E30ACBED-E39F-4240-89DA-BEACF9DF599D}"
EndProject
Project("{FAE04EC0-301F-11D3-BF4B-00C04F79EFBC}") = "12.SubtractingPolynomials", "SubtractingPolynomials\12.SubtractingPolynomials.csproj", "{398512BD-4F41-4777-A340-48B4C6E3D733}"
EndProject
Project("{FAE04EC0-301F-11D3-BF4B-00C04F79EFBC}") = "13.SolveTasks", "SolveTasks\13.SolveTasks.csproj", "{B556BCBB-A8B7-461E-8F73-4B629A5ECB89}"
EndProject
Global
	GlobalSection(SolutionConfigurationPlatforms) = preSolution
		Debug|Any CPU = Debug|Any CPU
		Release|Any CPU = Release|Any CPU
	EndGlobalSection
	GlobalSection(ProjectConfigurationPlatforms) = postSolution
		{584422F8-8FF8-4F6C-BDFF-B76FDF8FA3C9}.Debug|Any CPU.ActiveCfg = Debug|Any CPU
		{584422F8-8FF8-4F6C-BDFF-B76FDF8FA3C9}.Debug|Any CPU.Build.0 = Debug|Any CPU
		{584422F8-8FF8-4F6C-BDFF-B76FDF8FA3C9}.Release|Any CPU.ActiveCfg = Release|Any CPU
		{584422F8-8FF8-4F6C-BDFF-B76FDF8FA3C9}.Release|Any CPU.Build.0 = Release|Any CPU
		{6982167C-4249-4539-BB1B-D23AFD210F98}.Debug|Any CPU.ActiveCfg = Debug|Any CPU
		{6982167C-4249-4539-BB1B-D23AFD210F98}.Debug|Any CPU.Build.0 = Debug|Any CPU
		{6982167C-4249-4539-BB1B-D23AFD210F98}.Release|Any CPU.ActiveCfg = Release|Any CPU
		{6982167C-4249-4539-BB1B-D23AFD210F98}.Release|Any CPU.Build.0 = Release|Any CPU
		{B7B549CC-7977-4F6C-926C-489EB844B9AB}.Debug|Any CPU.ActiveCfg = Debug|Any CPU
		{B7B549CC-7977-4F6C-926C-489EB844B9AB}.Debug|Any CPU.Build.0 = Debug|Any CPU
		{B7B549CC-7977-4F6C-926C-489EB844B9AB}.Release|Any CPU.ActiveCfg = Release|Any CPU
		{B7B549CC-7977-4F6C-926C-489EB844B9AB}.Release|Any CPU.Build.0 = Release|Any CPU
		{0B3BC993-5885-446F-A0CF-BDBDABEC756A}.Debug|Any CPU.ActiveCfg = Debug|Any CPU
		{0B3BC993-5885-446F-A0CF-BDBDABEC756A}.Debug|Any CPU.Build.0 = Debug|Any CPU
		{0B3BC993-5885-446F-A0CF-BDBDABEC756A}.Release|Any CPU.ActiveCfg = Release|Any CPU
		{0B3BC993-5885-446F-A0CF-BDBDABEC756A}.Release|Any CPU.Build.0 = Release|Any CPU
		{43C25270-C7F5-40B1-847C-6685D6B89E84}.Debug|Any CPU.ActiveCfg = Debug|Any CPU
		{43C25270-C7F5-40B1-847C-6685D6B89E84}.Debug|Any CPU.Build.0 = Debug|Any CPU
		{43C25270-C7F5-40B1-847C-6685D6B89E84}.Release|Any CPU.ActiveCfg = Release|Any CPU
		{43C25270-C7F5-40B1-847C-6685D6B89E84}.Release|Any CPU.Build.0 = Release|Any CPU
		{8BD91A34-3037-497F-AA3A-545B42FC3C49}.Debug|Any CPU.ActiveCfg = Debug|Any CPU
		{8BD91A34-3037-497F-AA3A-545B42FC3C49}.Debug|Any CPU.Build.0 = Debug|Any CPU
		{8BD91A34-3037-497F-AA3A-545B42FC3C49}.Release|Any CPU.ActiveCfg = Release|Any CPU
		{8BD91A34-3037-497F-AA3A-545B42FC3C49}.Release|Any CPU.Build.0 = Release|Any CPU
		{A2AD3CCD-36CA-46C4-A426-EC1C4ED8D4B1}.Debug|Any CPU.ActiveCfg = Debug|Any CPU
		{A2AD3CCD-36CA-46C4-A426-EC1C4ED8D4B1}.Debug|Any CPU.Build.0 = Debug|Any CPU
		{A2AD3CCD-36CA-46C4-A426-EC1C4ED8D4B1}.Release|Any CPU.ActiveCfg = Release|Any CPU
		{A2AD3CCD-36CA-46C4-A426-EC1C4ED8D4B1}.Release|Any CPU.Build.0 = Release|Any CPU
		{C69991AB-3C0D-46DD-9E1B-51B45EA8180F}.Debug|Any CPU.ActiveCfg = Debug|Any CPU
		{C69991AB-3C0D-46DD-9E1B-51B45EA8180F}.Debug|Any CPU.Build.0 = Debug|Any CPU
		{C69991AB-3C0D-46DD-9E1B-51B45EA8180F}.Release|Any CPU.ActiveCfg = Release|Any CPU
		{C69991AB-3C0D-46DD-9E1B-51B45EA8180F}.Release|Any CPU.Build.0 = Release|Any CPU
		{AFD98D39-FC4C-4A26-8F9F-2B705E347719}.Debug|Any CPU.ActiveCfg = Debug|Any CPU
		{AFD98D39-FC4C-4A26-8F9F-2B705E347719}.Debug|Any CPU.Build.0 = Debug|Any CPU
		{AFD98D39-FC4C-4A26-8F9F-2B705E347719}.Release|Any CPU.ActiveCfg = Release|Any CPU
		{AFD98D39-FC4C-4A26-8F9F-2B705E347719}.Release|Any CPU.Build.0 = Release|Any CPU
		{AF6D0EC7-C489-46B3-9766-509B2319A199}.Debug|Any CPU.ActiveCfg = Debug|Any CPU
		{AF6D0EC7-C489-46B3-9766-509B2319A199}.Debug|Any CPU.Build.0 = Debug|Any CPU
		{AF6D0EC7-C489-46B3-9766-509B2319A199}.Release|Any CPU.ActiveCfg = Release|Any CPU
		{AF6D0EC7-C489-46B3-9766-509B2319A199}.Release|Any CPU.Build.0 = Release|Any CPU
		{E30ACBED-E39F-4240-89DA-BEACF9DF599D}.Debug|Any CPU.ActiveCfg = Debug|Any CPU
		{E30ACBED-E39F-4240-89DA-BEACF9DF599D}.Debug|Any CPU.Build.0 = Debug|Any CPU
		{E30ACBED-E39F-4240-89DA-BEACF9DF599D}.Release|Any CPU.ActiveCfg = Release|Any CPU
		{E30ACBED-E39F-4240-89DA-BEACF9DF599D}.Release|Any CPU.Build.0 = Release|Any CPU
		{398512BD-4F41-4777-A340-48B4C6E3D733}.Debug|Any CPU.ActiveCfg = Debug|Any CPU
		{398512BD-4F41-4777-A340-48B4C6E3D733}.Debug|Any CPU.Build.0 = Debug|Any CPU
		{398512BD-4F41-4777-A340-48B4C6E3D733}.Release|Any CPU.ActiveCfg = Release|Any CPU
		{398512BD-4F41-4777-A340-48B4C6E3D733}.Release|Any CPU.Build.0 = Release|Any CPU
		{B556BCBB-A8B7-461E-8F73-4B629A5ECB89}.Debug|Any CPU.ActiveCfg = Debug|Any CPU
		{B556BCBB-A8B7-461E-8F73-4B629A5ECB89}.Debug|Any CPU.Build.0 = Debug|Any CPU
		{B556BCBB-A8B7-461E-8F73-4B629A5ECB89}.Release|Any CPU.ActiveCfg = Release|Any CPU
		{B556BCBB-A8B7-461E-8F73-4B629A5ECB89}.Release|Any CPU.Build.0 = Release|Any CPU
	EndGlobalSection
	GlobalSection(SolutionProperties) = preSolution
		HideSolutionNode = FALSE
	EndGlobalSection
EndGlobal
