
Microsoft Visual Studio Solution File, Format Version 12.00
# Visual Studio 14
VisualStudioVersion = 14.0.25420.1
MinimumVisualStudioVersion = 10.0.40219.1
Project("{FAE04EC0-301F-11D3-BF4B-00C04F79EFBC}") = "Northwind.Data", "Northwind.Data\Northwind.Data.csproj", "{DF2CFCE3-B283-46D6-809A-FEC1934711A7}"
EndProject
Project("{FAE04EC0-301F-11D3-BF4B-00C04F79EFBC}") = "01.DataAccessObjectCustomers", "DataAccessObjectCustomers\01.DataAccessObjectCustomers.csproj", "{29DF4136-8B06-41A1-B9A2-15DD8BB6E775}"
EndProject
Project("{FAE04EC0-301F-11D3-BF4B-00C04F79EFBC}") = "NorthwindConsoleApplication", "NorthwindConsoleApplication\NorthwindConsoleApplication.csproj", "{66D01353-9349-4FF3-99F4-3AEA89141091}"
EndProject
Global
	GlobalSection(SolutionConfigurationPlatforms) = preSolution
		Debug|Any CPU = Debug|Any CPU
		Release|Any CPU = Release|Any CPU
	EndGlobalSection
	GlobalSection(ProjectConfigurationPlatforms) = postSolution
		{DF2CFCE3-B283-46D6-809A-FEC1934711A7}.Debug|Any CPU.ActiveCfg = Debug|Any CPU
		{DF2CFCE3-B283-46D6-809A-FEC1934711A7}.Debug|Any CPU.Build.0 = Debug|Any CPU
		{DF2CFCE3-B283-46D6-809A-FEC1934711A7}.Release|Any CPU.ActiveCfg = Release|Any CPU
		{DF2CFCE3-B283-46D6-809A-FEC1934711A7}.Release|Any CPU.Build.0 = Release|Any CPU
		{29DF4136-8B06-41A1-B9A2-15DD8BB6E775}.Debug|Any CPU.ActiveCfg = Debug|Any CPU
		{29DF4136-8B06-41A1-B9A2-15DD8BB6E775}.Debug|Any CPU.Build.0 = Debug|Any CPU
		{29DF4136-8B06-41A1-B9A2-15DD8BB6E775}.Release|Any CPU.ActiveCfg = Release|Any CPU
		{29DF4136-8B06-41A1-B9A2-15DD8BB6E775}.Release|Any CPU.Build.0 = Release|Any CPU
		{66D01353-9349-4FF3-99F4-3AEA89141091}.Debug|Any CPU.ActiveCfg = Debug|Any CPU
		{66D01353-9349-4FF3-99F4-3AEA89141091}.Debug|Any CPU.Build.0 = Debug|Any CPU
		{66D01353-9349-4FF3-99F4-3AEA89141091}.Release|Any CPU.ActiveCfg = Release|Any CPU
		{66D01353-9349-4FF3-99F4-3AEA89141091}.Release|Any CPU.Build.0 = Release|Any CPU
	EndGlobalSection
	GlobalSection(SolutionProperties) = preSolution
		HideSolutionNode = FALSE
	EndGlobalSection
EndGlobal
