
Microsoft Visual Studio Solution File, Format Version 12.00
# Visual Studio 2013
VisualStudioVersion = 12.0.31101.0
MinimumVisualStudioVersion = 10.0.40219.1
Project("{FAE04EC0-301F-11D3-BF4B-00C04F79EFBC}") = "01.ExtendStringBuilder", "ExtendStringBuilder\01.ExtendStringBuilder.csproj", "{FA45FA4A-B654-46CC-AE80-C77BDEEA4CF8}"
EndProject
Project("{FAE04EC0-301F-11D3-BF4B-00C04F79EFBC}") = "02.IEnumerableExtensions", "IEnumerableExtensions\02.IEnumerableExtensions.csproj", "{A15BFFA4-054C-4B66-8EA4-9F8184558A72}"
EndProject
Project("{FAE04EC0-301F-11D3-BF4B-00C04F79EFBC}") = "03 - 05.FirstBeforeLast", "FirstBeforeLast\03 - 05.FirstBeforeLast.csproj", "{56800847-A90F-4D48-9E9A-FFE235B375B5}"
EndProject
Project("{FAE04EC0-301F-11D3-BF4B-00C04F79EFBC}") = "06.DivisibleBy7And3", "DivisibleBy7And3\06.DivisibleBy7And3.csproj", "{57897027-94DF-40D8-A152-B1B33E266CA7}"
EndProject
Project("{FAE04EC0-301F-11D3-BF4B-00C04F79EFBC}") = "07.Timer", "Timer\07.Timer.csproj", "{E1804F6E-DB09-4FA5-8A08-2DE2D509C0D8}"
EndProject
Project("{FAE04EC0-301F-11D3-BF4B-00C04F79EFBC}") = "09.StudentGroups", "StudentGroups\09.StudentGroups.csproj", "{4FC144F9-DC67-4752-9BDD-F7CDB6DCD836}"
EndProject
Project("{FAE04EC0-301F-11D3-BF4B-00C04F79EFBC}") = "LongestString", "LongestString\LongestString.csproj", "{40C696DB-339F-4889-AE63-EAF7E2AB37A7}"
EndProject
Global
	GlobalSection(SolutionConfigurationPlatforms) = preSolution
		Debug|Any CPU = Debug|Any CPU
		Release|Any CPU = Release|Any CPU
	EndGlobalSection
	GlobalSection(ProjectConfigurationPlatforms) = postSolution
		{FA45FA4A-B654-46CC-AE80-C77BDEEA4CF8}.Debug|Any CPU.ActiveCfg = Debug|Any CPU
		{FA45FA4A-B654-46CC-AE80-C77BDEEA4CF8}.Debug|Any CPU.Build.0 = Debug|Any CPU
		{FA45FA4A-B654-46CC-AE80-C77BDEEA4CF8}.Release|Any CPU.ActiveCfg = Release|Any CPU
		{FA45FA4A-B654-46CC-AE80-C77BDEEA4CF8}.Release|Any CPU.Build.0 = Release|Any CPU
		{A15BFFA4-054C-4B66-8EA4-9F8184558A72}.Debug|Any CPU.ActiveCfg = Debug|Any CPU
		{A15BFFA4-054C-4B66-8EA4-9F8184558A72}.Debug|Any CPU.Build.0 = Debug|Any CPU
		{A15BFFA4-054C-4B66-8EA4-9F8184558A72}.Release|Any CPU.ActiveCfg = Release|Any CPU
		{A15BFFA4-054C-4B66-8EA4-9F8184558A72}.Release|Any CPU.Build.0 = Release|Any CPU
		{56800847-A90F-4D48-9E9A-FFE235B375B5}.Debug|Any CPU.ActiveCfg = Debug|Any CPU
		{56800847-A90F-4D48-9E9A-FFE235B375B5}.Debug|Any CPU.Build.0 = Debug|Any CPU
		{56800847-A90F-4D48-9E9A-FFE235B375B5}.Release|Any CPU.ActiveCfg = Release|Any CPU
		{56800847-A90F-4D48-9E9A-FFE235B375B5}.Release|Any CPU.Build.0 = Release|Any CPU
		{57897027-94DF-40D8-A152-B1B33E266CA7}.Debug|Any CPU.ActiveCfg = Debug|Any CPU
		{57897027-94DF-40D8-A152-B1B33E266CA7}.Debug|Any CPU.Build.0 = Debug|Any CPU
		{57897027-94DF-40D8-A152-B1B33E266CA7}.Release|Any CPU.ActiveCfg = Release|Any CPU
		{57897027-94DF-40D8-A152-B1B33E266CA7}.Release|Any CPU.Build.0 = Release|Any CPU
		{E1804F6E-DB09-4FA5-8A08-2DE2D509C0D8}.Debug|Any CPU.ActiveCfg = Debug|Any CPU
		{E1804F6E-DB09-4FA5-8A08-2DE2D509C0D8}.Debug|Any CPU.Build.0 = Debug|Any CPU
		{E1804F6E-DB09-4FA5-8A08-2DE2D509C0D8}.Release|Any CPU.ActiveCfg = Release|Any CPU
		{E1804F6E-DB09-4FA5-8A08-2DE2D509C0D8}.Release|Any CPU.Build.0 = Release|Any CPU
		{4FC144F9-DC67-4752-9BDD-F7CDB6DCD836}.Debug|Any CPU.ActiveCfg = Debug|Any CPU
		{4FC144F9-DC67-4752-9BDD-F7CDB6DCD836}.Debug|Any CPU.Build.0 = Debug|Any CPU
		{4FC144F9-DC67-4752-9BDD-F7CDB6DCD836}.Release|Any CPU.ActiveCfg = Release|Any CPU
		{4FC144F9-DC67-4752-9BDD-F7CDB6DCD836}.Release|Any CPU.Build.0 = Release|Any CPU
		{40C696DB-339F-4889-AE63-EAF7E2AB37A7}.Debug|Any CPU.ActiveCfg = Debug|Any CPU
		{40C696DB-339F-4889-AE63-EAF7E2AB37A7}.Debug|Any CPU.Build.0 = Debug|Any CPU
		{40C696DB-339F-4889-AE63-EAF7E2AB37A7}.Release|Any CPU.ActiveCfg = Release|Any CPU
		{40C696DB-339F-4889-AE63-EAF7E2AB37A7}.Release|Any CPU.Build.0 = Release|Any CPU
	EndGlobalSection
	GlobalSection(SolutionProperties) = preSolution
		HideSolutionNode = FALSE
	EndGlobalSection
EndGlobal
