
Microsoft Visual Studio Solution File, Format Version 12.00
# Visual Studio 2013
VisualStudioVersion = 12.0.31101.0
MinimumVisualStudioVersion = 10.0.40219.1
Project("{FAE04EC0-301F-11D3-BF4B-00C04F79EFBC}") = "SchoolSystem", "School\SchoolSystem.csproj", "{12CF5A70-5C82-4341-91C1-B54D3A72DE36}"
EndProject
Project("{FAE04EC0-301F-11D3-BF4B-00C04F79EFBC}") = "SchoolTest", "SchoolTest\SchoolTest.csproj", "{F667BB78-949D-4240-8233-7FE3914829DF}"
EndProject
Global
	GlobalSection(SolutionConfigurationPlatforms) = preSolution
		Debug|Any CPU = Debug|Any CPU
		Release|Any CPU = Release|Any CPU
	EndGlobalSection
	GlobalSection(ProjectConfigurationPlatforms) = postSolution
		{12CF5A70-5C82-4341-91C1-B54D3A72DE36}.Debug|Any CPU.ActiveCfg = Debug|Any CPU
		{12CF5A70-5C82-4341-91C1-B54D3A72DE36}.Debug|Any CPU.Build.0 = Debug|Any CPU
		{12CF5A70-5C82-4341-91C1-B54D3A72DE36}.Release|Any CPU.ActiveCfg = Release|Any CPU
		{12CF5A70-5C82-4341-91C1-B54D3A72DE36}.Release|Any CPU.Build.0 = Release|Any CPU
		{F667BB78-949D-4240-8233-7FE3914829DF}.Debug|Any CPU.ActiveCfg = Debug|Any CPU
		{F667BB78-949D-4240-8233-7FE3914829DF}.Debug|Any CPU.Build.0 = Debug|Any CPU
		{F667BB78-949D-4240-8233-7FE3914829DF}.Release|Any CPU.ActiveCfg = Release|Any CPU
		{F667BB78-949D-4240-8233-7FE3914829DF}.Release|Any CPU.Build.0 = Release|Any CPU
	EndGlobalSection
	GlobalSection(SolutionProperties) = preSolution
		HideSolutionNode = FALSE
	EndGlobalSection
EndGlobal
