
Microsoft Visual Studio Solution File, Format Version 12.00
# Visual Studio 2013
VisualStudioVersion = 12.0.30501.0
MinimumVisualStudioVersion = 10.0.40219.1
Project("{FAE04EC0-301F-11D3-BF4B-00C04F79EFBC}") = "01.FiveVariables", "01.FiveVariables\01.FiveVariables.csproj", "{1E623616-4BBD-4E50-B36B-CF2414462627}"
EndProject
Project("{FAE04EC0-301F-11D3-BF4B-00C04F79EFBC}") = "02. FloatOrDouble", "02. FloatOrDouble\02. FloatOrDouble.csproj", "{64DF729D-2937-410A-9BCD-1AB471A6CCED}"
EndProject
Project("{FAE04EC0-301F-11D3-BF4B-00C04F79EFBC}") = "03.CompareNumbers", "03.CompareNumbers\03.CompareNumbers.csproj", "{C2771A2B-5A74-44B1-9EFA-F988AAB7BFB5}"
EndProject
Project("{FAE04EC0-301F-11D3-BF4B-00C04F79EFBC}") = "04.VariableInHexFormat", "04.VariableInHexFormat\04.VariableInHexFormat.csproj", "{748CAF51-C1D9-4BC6-BDC8-758B009ACCA5}"
EndProject
Project("{FAE04EC0-301F-11D3-BF4B-00C04F79EFBC}") = "05.CharVariable", "05.CharVariable\05.CharVariable.csproj", "{2D47715B-9E53-4228-830A-630A8663B249}"
EndProject
Project("{FAE04EC0-301F-11D3-BF4B-00C04F79EFBC}") = "06.BoolVariable", "06.BoolVariable\06.BoolVariable.csproj", "{0DB81BA9-CBE1-448E-A7C6-688C1C15B602}"
EndProject
Project("{FAE04EC0-301F-11D3-BF4B-00C04F79EFBC}") = "07. TwoStringsObject", "07. TwoStringsObject\07. TwoStringsObject.csproj", "{4D72F244-4203-4EF1-A591-FB7E146DECD6}"
EndProject
Project("{FAE04EC0-301F-11D3-BF4B-00C04F79EFBC}") = "08.QuotationEscaping", "08.QuotationEscaping\08.QuotationEscaping.csproj", "{46C33F82-E819-4DAE-94D0-C6F2B0BEFB4D}"
EndProject
Project("{FAE04EC0-301F-11D3-BF4B-00C04F79EFBC}") = "09. CopyrightTriangle", "09. CopyrightTriangle\09. CopyrightTriangle.csproj", "{539AD526-0917-4A80-B333-C86503C2A2D3}"
EndProject
Project("{FAE04EC0-301F-11D3-BF4B-00C04F79EFBC}") = "10. EmloyeeInformation", "10. EmloyeeInformation\10. EmloyeeInformation.csproj", "{67D3B047-7934-4582-B728-7505C49952B0}"
EndProject
Project("{FAE04EC0-301F-11D3-BF4B-00C04F79EFBC}") = "11.ExchangeValues", "11.ExchangeValues\11.ExchangeValues.csproj", "{9C4FE4A6-1EB6-477B-AB5A-9E8D27F0355A}"
EndProject
Project("{FAE04EC0-301F-11D3-BF4B-00C04F79EFBC}") = "12. ASCIITable", "12. ASCIITable\12. ASCIITable.csproj", "{3BF75BCD-6EB9-4FA2-A030-7E9BFB721D78}"
EndProject
Project("{FAE04EC0-301F-11D3-BF4B-00C04F79EFBC}") = "13. NullableIntDouble", "13. NullableIntDouble\13. NullableIntDouble.csproj", "{9DC730DA-3C2F-41B7-A5EA-6C0039940499}"
EndProject
Project("{FAE04EC0-301F-11D3-BF4B-00C04F79EFBC}") = "14.BankAccount", "BankAccount\14.BankAccount.csproj", "{E823A3B7-24E7-4226-BB99-FA1438CFD4EB}"
EndProject
Global
	GlobalSection(SolutionConfigurationPlatforms) = preSolution
		Debug|Any CPU = Debug|Any CPU
		Release|Any CPU = Release|Any CPU
	EndGlobalSection
	GlobalSection(ProjectConfigurationPlatforms) = postSolution
		{1E623616-4BBD-4E50-B36B-CF2414462627}.Debug|Any CPU.ActiveCfg = Debug|Any CPU
		{1E623616-4BBD-4E50-B36B-CF2414462627}.Debug|Any CPU.Build.0 = Debug|Any CPU
		{1E623616-4BBD-4E50-B36B-CF2414462627}.Release|Any CPU.ActiveCfg = Release|Any CPU
		{1E623616-4BBD-4E50-B36B-CF2414462627}.Release|Any CPU.Build.0 = Release|Any CPU
		{64DF729D-2937-410A-9BCD-1AB471A6CCED}.Debug|Any CPU.ActiveCfg = Debug|Any CPU
		{64DF729D-2937-410A-9BCD-1AB471A6CCED}.Debug|Any CPU.Build.0 = Debug|Any CPU
		{64DF729D-2937-410A-9BCD-1AB471A6CCED}.Release|Any CPU.ActiveCfg = Release|Any CPU
		{64DF729D-2937-410A-9BCD-1AB471A6CCED}.Release|Any CPU.Build.0 = Release|Any CPU
		{C2771A2B-5A74-44B1-9EFA-F988AAB7BFB5}.Debug|Any CPU.ActiveCfg = Debug|Any CPU
		{C2771A2B-5A74-44B1-9EFA-F988AAB7BFB5}.Debug|Any CPU.Build.0 = Debug|Any CPU
		{C2771A2B-5A74-44B1-9EFA-F988AAB7BFB5}.Release|Any CPU.ActiveCfg = Release|Any CPU
		{C2771A2B-5A74-44B1-9EFA-F988AAB7BFB5}.Release|Any CPU.Build.0 = Release|Any CPU
		{748CAF51-C1D9-4BC6-BDC8-758B009ACCA5}.Debug|Any CPU.ActiveCfg = Debug|Any CPU
		{748CAF51-C1D9-4BC6-BDC8-758B009ACCA5}.Debug|Any CPU.Build.0 = Debug|Any CPU
		{748CAF51-C1D9-4BC6-BDC8-758B009ACCA5}.Release|Any CPU.ActiveCfg = Release|Any CPU
		{748CAF51-C1D9-4BC6-BDC8-758B009ACCA5}.Release|Any CPU.Build.0 = Release|Any CPU
		{2D47715B-9E53-4228-830A-630A8663B249}.Debug|Any CPU.ActiveCfg = Debug|Any CPU
		{2D47715B-9E53-4228-830A-630A8663B249}.Debug|Any CPU.Build.0 = Debug|Any CPU
		{2D47715B-9E53-4228-830A-630A8663B249}.Release|Any CPU.ActiveCfg = Release|Any CPU
		{2D47715B-9E53-4228-830A-630A8663B249}.Release|Any CPU.Build.0 = Release|Any CPU
		{0DB81BA9-CBE1-448E-A7C6-688C1C15B602}.Debug|Any CPU.ActiveCfg = Debug|Any CPU
		{0DB81BA9-CBE1-448E-A7C6-688C1C15B602}.Debug|Any CPU.Build.0 = Debug|Any CPU
		{0DB81BA9-CBE1-448E-A7C6-688C1C15B602}.Release|Any CPU.ActiveCfg = Release|Any CPU
		{0DB81BA9-CBE1-448E-A7C6-688C1C15B602}.Release|Any CPU.Build.0 = Release|Any CPU
		{4D72F244-4203-4EF1-A591-FB7E146DECD6}.Debug|Any CPU.ActiveCfg = Debug|Any CPU
		{4D72F244-4203-4EF1-A591-FB7E146DECD6}.Debug|Any CPU.Build.0 = Debug|Any CPU
		{4D72F244-4203-4EF1-A591-FB7E146DECD6}.Release|Any CPU.ActiveCfg = Release|Any CPU
		{4D72F244-4203-4EF1-A591-FB7E146DECD6}.Release|Any CPU.Build.0 = Release|Any CPU
		{46C33F82-E819-4DAE-94D0-C6F2B0BEFB4D}.Debug|Any CPU.ActiveCfg = Debug|Any CPU
		{46C33F82-E819-4DAE-94D0-C6F2B0BEFB4D}.Debug|Any CPU.Build.0 = Debug|Any CPU
		{46C33F82-E819-4DAE-94D0-C6F2B0BEFB4D}.Release|Any CPU.ActiveCfg = Release|Any CPU
		{46C33F82-E819-4DAE-94D0-C6F2B0BEFB4D}.Release|Any CPU.Build.0 = Release|Any CPU
		{539AD526-0917-4A80-B333-C86503C2A2D3}.Debug|Any CPU.ActiveCfg = Debug|Any CPU
		{539AD526-0917-4A80-B333-C86503C2A2D3}.Debug|Any CPU.Build.0 = Debug|Any CPU
		{539AD526-0917-4A80-B333-C86503C2A2D3}.Release|Any CPU.ActiveCfg = Release|Any CPU
		{539AD526-0917-4A80-B333-C86503C2A2D3}.Release|Any CPU.Build.0 = Release|Any CPU
		{67D3B047-7934-4582-B728-7505C49952B0}.Debug|Any CPU.ActiveCfg = Debug|Any CPU
		{67D3B047-7934-4582-B728-7505C49952B0}.Debug|Any CPU.Build.0 = Debug|Any CPU
		{67D3B047-7934-4582-B728-7505C49952B0}.Release|Any CPU.ActiveCfg = Release|Any CPU
		{67D3B047-7934-4582-B728-7505C49952B0}.Release|Any CPU.Build.0 = Release|Any CPU
		{9C4FE4A6-1EB6-477B-AB5A-9E8D27F0355A}.Debug|Any CPU.ActiveCfg = Debug|Any CPU
		{9C4FE4A6-1EB6-477B-AB5A-9E8D27F0355A}.Debug|Any CPU.Build.0 = Debug|Any CPU
		{9C4FE4A6-1EB6-477B-AB5A-9E8D27F0355A}.Release|Any CPU.ActiveCfg = Release|Any CPU
		{9C4FE4A6-1EB6-477B-AB5A-9E8D27F0355A}.Release|Any CPU.Build.0 = Release|Any CPU
		{3BF75BCD-6EB9-4FA2-A030-7E9BFB721D78}.Debug|Any CPU.ActiveCfg = Debug|Any CPU
		{3BF75BCD-6EB9-4FA2-A030-7E9BFB721D78}.Debug|Any CPU.Build.0 = Debug|Any CPU
		{3BF75BCD-6EB9-4FA2-A030-7E9BFB721D78}.Release|Any CPU.ActiveCfg = Release|Any CPU
		{3BF75BCD-6EB9-4FA2-A030-7E9BFB721D78}.Release|Any CPU.Build.0 = Release|Any CPU
		{9DC730DA-3C2F-41B7-A5EA-6C0039940499}.Debug|Any CPU.ActiveCfg = Debug|Any CPU
		{9DC730DA-3C2F-41B7-A5EA-6C0039940499}.Debug|Any CPU.Build.0 = Debug|Any CPU
		{9DC730DA-3C2F-41B7-A5EA-6C0039940499}.Release|Any CPU.ActiveCfg = Release|Any CPU
		{9DC730DA-3C2F-41B7-A5EA-6C0039940499}.Release|Any CPU.Build.0 = Release|Any CPU
		{E823A3B7-24E7-4226-BB99-FA1438CFD4EB}.Debug|Any CPU.ActiveCfg = Debug|Any CPU
		{E823A3B7-24E7-4226-BB99-FA1438CFD4EB}.Debug|Any CPU.Build.0 = Debug|Any CPU
		{E823A3B7-24E7-4226-BB99-FA1438CFD4EB}.Release|Any CPU.ActiveCfg = Release|Any CPU
		{E823A3B7-24E7-4226-BB99-FA1438CFD4EB}.Release|Any CPU.Build.0 = Release|Any CPU
	EndGlobalSection
	GlobalSection(SolutionProperties) = preSolution
		HideSolutionNode = FALSE
	EndGlobalSection
EndGlobal
