
Microsoft Visual Studio Solution File, Format Version 12.00
# Visual Studio 14
VisualStudioVersion = 14.0.25420.1
MinimumVisualStudioVersion = 10.0.40219.1
Project("{FAE04EC0-301F-11D3-BF4B-00C04F79EFBC}") = "SchoolSystem.Logic", "SchoolSystem.Logic\SchoolSystem.Logic.csproj", "{69412966-0AEF-4B1A-8F2E-77ED24846522}"
EndProject
Project("{FAE04EC0-301F-11D3-BF4B-00C04F79EFBC}") = "SchoolSystem.ConsoleApplication", "SchoolSystem.ConsoleApplication\SchoolSystem.ConsoleApplication.csproj", "{BB514FD8-50C8-49A7-BBB1-21374B0BACD0}"
EndProject
Project("{FAE04EC0-301F-11D3-BF4B-00C04F79EFBC}") = "SchoolSystem.Tests", "SchoolSystem.Tests\SchoolSystem.Tests.csproj", "{DF00CCFD-453C-4E03-A4A5-C9C99D2D07E7}"
EndProject
Global
	GlobalSection(SolutionConfigurationPlatforms) = preSolution
		Debug|Any CPU = Debug|Any CPU
		Release|Any CPU = Release|Any CPU
	EndGlobalSection
	GlobalSection(ProjectConfigurationPlatforms) = postSolution
		{69412966-0AEF-4B1A-8F2E-77ED24846522}.Debug|Any CPU.ActiveCfg = Debug|Any CPU
		{69412966-0AEF-4B1A-8F2E-77ED24846522}.Debug|Any CPU.Build.0 = Debug|Any CPU
		{69412966-0AEF-4B1A-8F2E-77ED24846522}.Release|Any CPU.ActiveCfg = Release|Any CPU
		{69412966-0AEF-4B1A-8F2E-77ED24846522}.Release|Any CPU.Build.0 = Release|Any CPU
		{BB514FD8-50C8-49A7-BBB1-21374B0BACD0}.Debug|Any CPU.ActiveCfg = Debug|Any CPU
		{BB514FD8-50C8-49A7-BBB1-21374B0BACD0}.Debug|Any CPU.Build.0 = Debug|Any CPU
		{BB514FD8-50C8-49A7-BBB1-21374B0BACD0}.Release|Any CPU.ActiveCfg = Release|Any CPU
		{BB514FD8-50C8-49A7-BBB1-21374B0BACD0}.Release|Any CPU.Build.0 = Release|Any CPU
		{DF00CCFD-453C-4E03-A4A5-C9C99D2D07E7}.Debug|Any CPU.ActiveCfg = Debug|Any CPU
		{DF00CCFD-453C-4E03-A4A5-C9C99D2D07E7}.Debug|Any CPU.Build.0 = Debug|Any CPU
		{DF00CCFD-453C-4E03-A4A5-C9C99D2D07E7}.Release|Any CPU.ActiveCfg = Release|Any CPU
		{DF00CCFD-453C-4E03-A4A5-C9C99D2D07E7}.Release|Any CPU.Build.0 = Release|Any CPU
	EndGlobalSection
	GlobalSection(SolutionProperties) = preSolution
		HideSolutionNode = FALSE
	EndGlobalSection
EndGlobal
