
Microsoft Visual Studio Solution File, Format Version 12.00
# Visual Studio 14
VisualStudioVersion = 14.0.25420.1
MinimumVisualStudioVersion = 10.0.40219.1
Project("{2150E333-8FDC-42A3-9474-1A3956D46DE8}") = "Students", "Students", "{AD10AE03-080C-4362-AE0F-35DB2A6AE556}"
	ProjectSection(SolutionItems) = preProject
		Students\students.xml = Students\students.xml
		Students\students.xsd = Students\students.xsd
	EndProjectSection
EndProject
Global
	GlobalSection(SolutionProperties) = preSolution
		HideSolutionNode = FALSE
	EndGlobalSection
EndGlobal
