
Microsoft Visual Studio Solution File, Format Version 12.00
# Visual Studio 14
VisualStudioVersion = 14.0.25123.0
MinimumVisualStudioVersion = 10.0.40219.1
Project("{FAE04EC0-301F-11D3-BF4B-00C04F79EFBC}") = "01.TRES4Numbers", "TRES4Numbers\01.TRES4Numbers.csproj", "{790D2E2D-5D60-49C9-A188-3F7D2E107024}"
EndProject
Global
	GlobalSection(SolutionConfigurationPlatforms) = preSolution
		Debug|Any CPU = Debug|Any CPU
		Release|Any CPU = Release|Any CPU
	EndGlobalSection
	GlobalSection(ProjectConfigurationPlatforms) = postSolution
		{790D2E2D-5D60-49C9-A188-3F7D2E107024}.Debug|Any CPU.ActiveCfg = Debug|Any CPU
		{790D2E2D-5D60-49C9-A188-3F7D2E107024}.Debug|Any CPU.Build.0 = Debug|Any CPU
		{790D2E2D-5D60-49C9-A188-3F7D2E107024}.Release|Any CPU.ActiveCfg = Release|Any CPU
		{790D2E2D-5D60-49C9-A188-3F7D2E107024}.Release|Any CPU.Build.0 = Release|Any CPU
	EndGlobalSection
	GlobalSection(SolutionProperties) = preSolution
		HideSolutionNode = FALSE
	EndGlobalSection
EndGlobal
