
Microsoft Visual Studio Solution File, Format Version 12.00
# Visual Studio 14
VisualStudioVersion = 14.0.24720.0
MinimumVisualStudioVersion = 10.0.40219.1
Project("{FAE04EC0-301F-11D3-BF4B-00C04F79EFBC}") = "ASP.MVC.Essentials.Web", "ASP.MVC.Essentials.WEB\ASP.MVC.Essentials.Web.csproj", "{D59A43BB-B9D7-475B-A47A-2774B427AB44}"
EndProject
Project("{FAE04EC0-301F-11D3-BF4B-00C04F79EFBC}") = "ASP.MVC.Infrastructure", "ASP.MVC.Infrastructure\ASP.MVC.Infrastructure.csproj", "{3972E7E2-F377-41AF-96F3-E0A4E4712A13}"
EndProject
Global
	GlobalSection(SolutionConfigurationPlatforms) = preSolution
		Debug|Any CPU = Debug|Any CPU
		Release|Any CPU = Release|Any CPU
	EndGlobalSection
	GlobalSection(ProjectConfigurationPlatforms) = postSolution
		{D59A43BB-B9D7-475B-A47A-2774B427AB44}.Debug|Any CPU.ActiveCfg = Debug|Any CPU
		{D59A43BB-B9D7-475B-A47A-2774B427AB44}.Debug|Any CPU.Build.0 = Debug|Any CPU
		{D59A43BB-B9D7-475B-A47A-2774B427AB44}.Release|Any CPU.ActiveCfg = Release|Any CPU
		{D59A43BB-B9D7-475B-A47A-2774B427AB44}.Release|Any CPU.Build.0 = Release|Any CPU
		{3972E7E2-F377-41AF-96F3-E0A4E4712A13}.Debug|Any CPU.ActiveCfg = Debug|Any CPU
		{3972E7E2-F377-41AF-96F3-E0A4E4712A13}.Debug|Any CPU.Build.0 = Debug|Any CPU
		{3972E7E2-F377-41AF-96F3-E0A4E4712A13}.Release|Any CPU.ActiveCfg = Release|Any CPU
		{3972E7E2-F377-41AF-96F3-E0A4E4712A13}.Release|Any CPU.Build.0 = Release|Any CPU
	EndGlobalSection
	GlobalSection(SolutionProperties) = preSolution
		HideSolutionNode = FALSE
	EndGlobalSection
EndGlobal
