
Microsoft Visual Studio Solution File, Format Version 12.00
# Visual Studio 14
VisualStudioVersion = 14.0.25420.1
MinimumVisualStudioVersion = 10.0.40219.1
Project("{FAE04EC0-301F-11D3-BF4B-00C04F79EFBC}") = "OddNumber", "OddNumber\OddNumber.csproj", "{8ABB4F33-6884-43DD-8484-C1C5642A4EE4}"
EndProject
Project("{FAE04EC0-301F-11D3-BF4B-00C04F79EFBC}") = "Diameter", "Diameter\Diameter.csproj", "{8593BF5D-3198-4E43-9DFD-7E9EA997178F}"
EndProject
Project("{FAE04EC0-301F-11D3-BF4B-00C04F79EFBC}") = "DiameterV2", "DiameterV2\DiameterV2.csproj", "{F64AC545-878B-400D-90AB-115E07B7C06D}"
EndProject
Project("{FAE04EC0-301F-11D3-BF4B-00C04F79EFBC}") = "Test", "Test\Test.csproj", "{68B36174-A549-4C03-BFEE-7371DD9C6596}"
EndProject
Project("{FAE04EC0-301F-11D3-BF4B-00C04F79EFBC}") = "DiameterV3", "DiameterV3\DiameterV3.csproj", "{945B4D11-F51B-47F7-A73A-1E410C23FF2C}"
EndProject
Project("{FAE04EC0-301F-11D3-BF4B-00C04F79EFBC}") = "DiameterV4", "DiameterV4\DiameterV4.csproj", "{9AF217FE-6784-4C38-B122-88918575D48F}"
EndProject
Global
	GlobalSection(SolutionConfigurationPlatforms) = preSolution
		Debug|Any CPU = Debug|Any CPU
		Release|Any CPU = Release|Any CPU
	EndGlobalSection
	GlobalSection(ProjectConfigurationPlatforms) = postSolution
		{8ABB4F33-6884-43DD-8484-C1C5642A4EE4}.Debug|Any CPU.ActiveCfg = Debug|Any CPU
		{8ABB4F33-6884-43DD-8484-C1C5642A4EE4}.Debug|Any CPU.Build.0 = Debug|Any CPU
		{8ABB4F33-6884-43DD-8484-C1C5642A4EE4}.Release|Any CPU.ActiveCfg = Release|Any CPU
		{8ABB4F33-6884-43DD-8484-C1C5642A4EE4}.Release|Any CPU.Build.0 = Release|Any CPU
		{8593BF5D-3198-4E43-9DFD-7E9EA997178F}.Debug|Any CPU.ActiveCfg = Debug|Any CPU
		{8593BF5D-3198-4E43-9DFD-7E9EA997178F}.Debug|Any CPU.Build.0 = Debug|Any CPU
		{8593BF5D-3198-4E43-9DFD-7E9EA997178F}.Release|Any CPU.ActiveCfg = Release|Any CPU
		{8593BF5D-3198-4E43-9DFD-7E9EA997178F}.Release|Any CPU.Build.0 = Release|Any CPU
		{F64AC545-878B-400D-90AB-115E07B7C06D}.Debug|Any CPU.ActiveCfg = Debug|Any CPU
		{F64AC545-878B-400D-90AB-115E07B7C06D}.Debug|Any CPU.Build.0 = Debug|Any CPU
		{F64AC545-878B-400D-90AB-115E07B7C06D}.Release|Any CPU.ActiveCfg = Release|Any CPU
		{F64AC545-878B-400D-90AB-115E07B7C06D}.Release|Any CPU.Build.0 = Release|Any CPU
		{68B36174-A549-4C03-BFEE-7371DD9C6596}.Debug|Any CPU.ActiveCfg = Debug|Any CPU
		{68B36174-A549-4C03-BFEE-7371DD9C6596}.Debug|Any CPU.Build.0 = Debug|Any CPU
		{68B36174-A549-4C03-BFEE-7371DD9C6596}.Release|Any CPU.ActiveCfg = Release|Any CPU
		{68B36174-A549-4C03-BFEE-7371DD9C6596}.Release|Any CPU.Build.0 = Release|Any CPU
		{945B4D11-F51B-47F7-A73A-1E410C23FF2C}.Debug|Any CPU.ActiveCfg = Debug|Any CPU
		{945B4D11-F51B-47F7-A73A-1E410C23FF2C}.Debug|Any CPU.Build.0 = Debug|Any CPU
		{945B4D11-F51B-47F7-A73A-1E410C23FF2C}.Release|Any CPU.ActiveCfg = Release|Any CPU
		{945B4D11-F51B-47F7-A73A-1E410C23FF2C}.Release|Any CPU.Build.0 = Release|Any CPU
		{9AF217FE-6784-4C38-B122-88918575D48F}.Debug|Any CPU.ActiveCfg = Debug|Any CPU
		{9AF217FE-6784-4C38-B122-88918575D48F}.Debug|Any CPU.Build.0 = Debug|Any CPU
		{9AF217FE-6784-4C38-B122-88918575D48F}.Release|Any CPU.ActiveCfg = Release|Any CPU
		{9AF217FE-6784-4C38-B122-88918575D48F}.Release|Any CPU.Build.0 = Release|Any CPU
	EndGlobalSection
	GlobalSection(SolutionProperties) = preSolution
		HideSolutionNode = FALSE
	EndGlobalSection
EndGlobal
