
Microsoft Visual Studio Solution File, Format Version 12.00
# Visual Studio 14
VisualStudioVersion = 14.0.25420.1
MinimumVisualStudioVersion = 10.0.40219.1
Project("{FAE04EC0-301F-11D3-BF4B-00C04F79EFBC}") = "HungryTom", "HungryTom\HungryTom.csproj", "{CCBAE182-7071-4061-89B5-557C5CF46F07}"
EndProject
Project("{FAE04EC0-301F-11D3-BF4B-00C04F79EFBC}") = "WalkInThePark", "WalkInThePark\WalkInThePark.csproj", "{8EEC332B-D232-4E7B-8CFA-5B0738BF9157}"
EndProject
Project("{FAE04EC0-301F-11D3-BF4B-00C04F79EFBC}") = "GravityTrade", "GravityTrade\GravityTrade.csproj", "{A520B3C5-B4EF-4F24-B9D1-03255380F57F}"
EndProject
Project("{FAE04EC0-301F-11D3-BF4B-00C04F79EFBC}") = "CarryingCapacity", "CarryingCapacity\CarryingCapacity.csproj", "{F38EAF5F-C480-48D2-9CCA-B505FC150735}"
EndProject
Project("{FAE04EC0-301F-11D3-BF4B-00C04F79EFBC}") = "Test", "Test\Test.csproj", "{A2B4CE33-D7C1-4CE1-B538-A10871643030}"
EndProject
Project("{FAE04EC0-301F-11D3-BF4B-00C04F79EFBC}") = "KolioTerroTuber", "KolioTerroTuber\KolioTerroTuber.csproj", "{B5EF2EBD-1DC1-4665-BB5D-00A2E12067A6}"
EndProject
Global
	GlobalSection(SolutionConfigurationPlatforms) = preSolution
		Debug|Any CPU = Debug|Any CPU
		Release|Any CPU = Release|Any CPU
	EndGlobalSection
	GlobalSection(ProjectConfigurationPlatforms) = postSolution
		{CCBAE182-7071-4061-89B5-557C5CF46F07}.Debug|Any CPU.ActiveCfg = Debug|Any CPU
		{CCBAE182-7071-4061-89B5-557C5CF46F07}.Debug|Any CPU.Build.0 = Debug|Any CPU
		{CCBAE182-7071-4061-89B5-557C5CF46F07}.Release|Any CPU.ActiveCfg = Release|Any CPU
		{CCBAE182-7071-4061-89B5-557C5CF46F07}.Release|Any CPU.Build.0 = Release|Any CPU
		{8EEC332B-D232-4E7B-8CFA-5B0738BF9157}.Debug|Any CPU.ActiveCfg = Debug|Any CPU
		{8EEC332B-D232-4E7B-8CFA-5B0738BF9157}.Debug|Any CPU.Build.0 = Debug|Any CPU
		{8EEC332B-D232-4E7B-8CFA-5B0738BF9157}.Release|Any CPU.ActiveCfg = Release|Any CPU
		{8EEC332B-D232-4E7B-8CFA-5B0738BF9157}.Release|Any CPU.Build.0 = Release|Any CPU
		{A520B3C5-B4EF-4F24-B9D1-03255380F57F}.Debug|Any CPU.ActiveCfg = Debug|Any CPU
		{A520B3C5-B4EF-4F24-B9D1-03255380F57F}.Debug|Any CPU.Build.0 = Debug|Any CPU
		{A520B3C5-B4EF-4F24-B9D1-03255380F57F}.Release|Any CPU.ActiveCfg = Release|Any CPU
		{A520B3C5-B4EF-4F24-B9D1-03255380F57F}.Release|Any CPU.Build.0 = Release|Any CPU
		{F38EAF5F-C480-48D2-9CCA-B505FC150735}.Debug|Any CPU.ActiveCfg = Debug|Any CPU
		{F38EAF5F-C480-48D2-9CCA-B505FC150735}.Debug|Any CPU.Build.0 = Debug|Any CPU
		{F38EAF5F-C480-48D2-9CCA-B505FC150735}.Release|Any CPU.ActiveCfg = Release|Any CPU
		{F38EAF5F-C480-48D2-9CCA-B505FC150735}.Release|Any CPU.Build.0 = Release|Any CPU
		{A2B4CE33-D7C1-4CE1-B538-A10871643030}.Debug|Any CPU.ActiveCfg = Debug|Any CPU
		{A2B4CE33-D7C1-4CE1-B538-A10871643030}.Debug|Any CPU.Build.0 = Debug|Any CPU
		{A2B4CE33-D7C1-4CE1-B538-A10871643030}.Release|Any CPU.ActiveCfg = Release|Any CPU
		{A2B4CE33-D7C1-4CE1-B538-A10871643030}.Release|Any CPU.Build.0 = Release|Any CPU
		{B5EF2EBD-1DC1-4665-BB5D-00A2E12067A6}.Debug|Any CPU.ActiveCfg = Debug|Any CPU
		{B5EF2EBD-1DC1-4665-BB5D-00A2E12067A6}.Debug|Any CPU.Build.0 = Debug|Any CPU
		{B5EF2EBD-1DC1-4665-BB5D-00A2E12067A6}.Release|Any CPU.ActiveCfg = Release|Any CPU
		{B5EF2EBD-1DC1-4665-BB5D-00A2E12067A6}.Release|Any CPU.Build.0 = Release|Any CPU
	EndGlobalSection
	GlobalSection(SolutionProperties) = preSolution
		HideSolutionNode = FALSE
	EndGlobalSection
EndGlobal
