
Microsoft Visual Studio Solution File, Format Version 12.00
# Visual Studio 14
VisualStudioVersion = 14.0.25420.1
MinimumVisualStudioVersion = 10.0.40219.1
Project("{2150E333-8FDC-42A3-9474-1A3956D46DE8}") = "DocumentsXML", "DocumentsXML", "{C93B45CA-BD60-495F-922B-6DD18B266BB4}"
	ProjectSection(SolutionItems) = preProject
		DocumentsXML\albums.xml = DocumentsXML\albums.xml
		DocumentsXML\catalogue.html = DocumentsXML\catalogue.html
		DocumentsXML\catalogue.xml = DocumentsXML\catalogue.xml
		DocumentsXML\catalogue.xsd = DocumentsXML\catalogue.xsd
		DocumentsXML\cheap-catalogue.xml = DocumentsXML\cheap-catalogue.xml
		DocumentsXML\directories.xml = DocumentsXML\directories.xml
		DocumentsXML\directoriesX.xml = DocumentsXML\directoriesX.xml
		DocumentsXML\invalid-catalogue.xml = DocumentsXML\invalid-catalogue.xml
		DocumentsXML\persons.txt = DocumentsXML\persons.txt
		DocumentsXML\persons.xml = DocumentsXML\persons.xml
		DocumentsXML\style-catalogue.xslt = DocumentsXML\style-catalogue.xslt
	EndProjectSection
EndProject
Project("{FAE04EC0-301F-11D3-BF4B-00C04F79EFBC}") = "01.ExtractAllArtists", "ExtractAllArtists\01.ExtractAllArtists.csproj", "{B6E4C4AD-32BA-4251-BDCA-E27F0016A7BD}"
EndProject
Project("{FAE04EC0-301F-11D3-BF4B-00C04F79EFBC}") = "02.ExtractAllArtistXPath", "ExtractAllArtistXPath\02.ExtractAllArtistXPath.csproj", "{D373EAFE-AF42-41EB-9A80-7C49FECA5F9C}"
EndProject
Project("{FAE04EC0-301F-11D3-BF4B-00C04F79EFBC}") = "03.PriceOverTwenty", "PriceOverTwenty\03.PriceOverTwenty.csproj", "{7CB0A917-21CB-4CAB-929D-B78A64F50CD5}"
EndProject
Project("{FAE04EC0-301F-11D3-BF4B-00C04F79EFBC}") = "04.ExtractAllSongTitles", "ExtractAllSongTitles\04.ExtractAllSongTitles.csproj", "{4C5533EB-2695-42E4-AC9A-E60FE9BBAEF3}"
EndProject
Project("{FAE04EC0-301F-11D3-BF4B-00C04F79EFBC}") = "05.ExtractAllSongTitlesXDocument", "ExtractAllSongTitlesXDocument\05.ExtractAllSongTitlesXDocument.csproj", "{51C7CAC7-C0AF-4EF4-9ED5-737C875828B9}"
EndProject
Project("{FAE04EC0-301F-11D3-BF4B-00C04F79EFBC}") = "06.TransformToXML", "TransformToXML\06.TransformToXML.csproj", "{D18ED9C8-A24B-4E2C-B762-931F515EEEF0}"
EndProject
Project("{FAE04EC0-301F-11D3-BF4B-00C04F79EFBC}") = "07.ExtractAlbumInfo", "ExtractAlbumInfo\07.ExtractAlbumInfo.csproj", "{E783FAAB-46B9-436B-BD62-72544338FD20}"
EndProject
Project("{FAE04EC0-301F-11D3-BF4B-00C04F79EFBC}") = "08.TraverseDirectory", "TraverseDirectory\08.TraverseDirectory.csproj", "{D8CF86BA-89F6-4F6B-BAC2-5400C1100410}"
EndProject
Project("{FAE04EC0-301F-11D3-BF4B-00C04F79EFBC}") = "09.TraverseDirectoryXDocument", "TraverseDirectoryXDocument\09.TraverseDirectoryXDocument.csproj", "{7A85790E-06BE-4C18-ABA2-26F353002739}"
EndProject
Project("{FAE04EC0-301F-11D3-BF4B-00C04F79EFBC}") = "10.ExtractPrices", "ExtractPrices\10.ExtractPrices.csproj", "{156B294F-6E85-470D-8F77-08C6AF41A15F}"
EndProject
Project("{FAE04EC0-301F-11D3-BF4B-00C04F79EFBC}") = "11.ExtractPriceLinq", "ExtractPriceLinq\11.ExtractPriceLinq.csproj", "{B8E8EA66-657B-47C4-955B-0F1516D78B14}"
EndProject
Project("{FAE04EC0-301F-11D3-BF4B-00C04F79EFBC}") = "12.TrasformToHtml", "TrasformToHtml\12.TrasformToHtml.csproj", "{C0E12EC5-CBFC-47F3-AE72-F7724AACE758}"
EndProject
Project("{FAE04EC0-301F-11D3-BF4B-00C04F79EFBC}") = "13.ValidateXml", "ValidateXml\13.ValidateXml.csproj", "{2B1F6818-EB78-480C-9FBC-A4129B1B427C}"
EndProject
Global
	GlobalSection(SolutionConfigurationPlatforms) = preSolution
		Debug|Any CPU = Debug|Any CPU
		Release|Any CPU = Release|Any CPU
	EndGlobalSection
	GlobalSection(ProjectConfigurationPlatforms) = postSolution
		{B6E4C4AD-32BA-4251-BDCA-E27F0016A7BD}.Debug|Any CPU.ActiveCfg = Debug|Any CPU
		{B6E4C4AD-32BA-4251-BDCA-E27F0016A7BD}.Debug|Any CPU.Build.0 = Debug|Any CPU
		{B6E4C4AD-32BA-4251-BDCA-E27F0016A7BD}.Release|Any CPU.ActiveCfg = Release|Any CPU
		{B6E4C4AD-32BA-4251-BDCA-E27F0016A7BD}.Release|Any CPU.Build.0 = Release|Any CPU
		{D373EAFE-AF42-41EB-9A80-7C49FECA5F9C}.Debug|Any CPU.ActiveCfg = Debug|Any CPU
		{D373EAFE-AF42-41EB-9A80-7C49FECA5F9C}.Debug|Any CPU.Build.0 = Debug|Any CPU
		{D373EAFE-AF42-41EB-9A80-7C49FECA5F9C}.Release|Any CPU.ActiveCfg = Release|Any CPU
		{D373EAFE-AF42-41EB-9A80-7C49FECA5F9C}.Release|Any CPU.Build.0 = Release|Any CPU
		{7CB0A917-21CB-4CAB-929D-B78A64F50CD5}.Debug|Any CPU.ActiveCfg = Debug|Any CPU
		{7CB0A917-21CB-4CAB-929D-B78A64F50CD5}.Debug|Any CPU.Build.0 = Debug|Any CPU
		{7CB0A917-21CB-4CAB-929D-B78A64F50CD5}.Release|Any CPU.ActiveCfg = Release|Any CPU
		{7CB0A917-21CB-4CAB-929D-B78A64F50CD5}.Release|Any CPU.Build.0 = Release|Any CPU
		{4C5533EB-2695-42E4-AC9A-E60FE9BBAEF3}.Debug|Any CPU.ActiveCfg = Debug|Any CPU
		{4C5533EB-2695-42E4-AC9A-E60FE9BBAEF3}.Debug|Any CPU.Build.0 = Debug|Any CPU
		{4C5533EB-2695-42E4-AC9A-E60FE9BBAEF3}.Release|Any CPU.ActiveCfg = Release|Any CPU
		{4C5533EB-2695-42E4-AC9A-E60FE9BBAEF3}.Release|Any CPU.Build.0 = Release|Any CPU
		{51C7CAC7-C0AF-4EF4-9ED5-737C875828B9}.Debug|Any CPU.ActiveCfg = Debug|Any CPU
		{51C7CAC7-C0AF-4EF4-9ED5-737C875828B9}.Debug|Any CPU.Build.0 = Debug|Any CPU
		{51C7CAC7-C0AF-4EF4-9ED5-737C875828B9}.Release|Any CPU.ActiveCfg = Release|Any CPU
		{51C7CAC7-C0AF-4EF4-9ED5-737C875828B9}.Release|Any CPU.Build.0 = Release|Any CPU
		{D18ED9C8-A24B-4E2C-B762-931F515EEEF0}.Debug|Any CPU.ActiveCfg = Debug|Any CPU
		{D18ED9C8-A24B-4E2C-B762-931F515EEEF0}.Debug|Any CPU.Build.0 = Debug|Any CPU
		{D18ED9C8-A24B-4E2C-B762-931F515EEEF0}.Release|Any CPU.ActiveCfg = Release|Any CPU
		{D18ED9C8-A24B-4E2C-B762-931F515EEEF0}.Release|Any CPU.Build.0 = Release|Any CPU
		{E783FAAB-46B9-436B-BD62-72544338FD20}.Debug|Any CPU.ActiveCfg = Debug|Any CPU
		{E783FAAB-46B9-436B-BD62-72544338FD20}.Debug|Any CPU.Build.0 = Debug|Any CPU
		{E783FAAB-46B9-436B-BD62-72544338FD20}.Release|Any CPU.ActiveCfg = Release|Any CPU
		{E783FAAB-46B9-436B-BD62-72544338FD20}.Release|Any CPU.Build.0 = Release|Any CPU
		{D8CF86BA-89F6-4F6B-BAC2-5400C1100410}.Debug|Any CPU.ActiveCfg = Debug|Any CPU
		{D8CF86BA-89F6-4F6B-BAC2-5400C1100410}.Debug|Any CPU.Build.0 = Debug|Any CPU
		{D8CF86BA-89F6-4F6B-BAC2-5400C1100410}.Release|Any CPU.ActiveCfg = Release|Any CPU
		{D8CF86BA-89F6-4F6B-BAC2-5400C1100410}.Release|Any CPU.Build.0 = Release|Any CPU
		{7A85790E-06BE-4C18-ABA2-26F353002739}.Debug|Any CPU.ActiveCfg = Debug|Any CPU
		{7A85790E-06BE-4C18-ABA2-26F353002739}.Debug|Any CPU.Build.0 = Debug|Any CPU
		{7A85790E-06BE-4C18-ABA2-26F353002739}.Release|Any CPU.ActiveCfg = Release|Any CPU
		{7A85790E-06BE-4C18-ABA2-26F353002739}.Release|Any CPU.Build.0 = Release|Any CPU
		{156B294F-6E85-470D-8F77-08C6AF41A15F}.Debug|Any CPU.ActiveCfg = Debug|Any CPU
		{156B294F-6E85-470D-8F77-08C6AF41A15F}.Debug|Any CPU.Build.0 = Debug|Any CPU
		{156B294F-6E85-470D-8F77-08C6AF41A15F}.Release|Any CPU.ActiveCfg = Release|Any CPU
		{156B294F-6E85-470D-8F77-08C6AF41A15F}.Release|Any CPU.Build.0 = Release|Any CPU
		{B8E8EA66-657B-47C4-955B-0F1516D78B14}.Debug|Any CPU.ActiveCfg = Debug|Any CPU
		{B8E8EA66-657B-47C4-955B-0F1516D78B14}.Debug|Any CPU.Build.0 = Debug|Any CPU
		{B8E8EA66-657B-47C4-955B-0F1516D78B14}.Release|Any CPU.ActiveCfg = Release|Any CPU
		{B8E8EA66-657B-47C4-955B-0F1516D78B14}.Release|Any CPU.Build.0 = Release|Any CPU
		{C0E12EC5-CBFC-47F3-AE72-F7724AACE758}.Debug|Any CPU.ActiveCfg = Debug|Any CPU
		{C0E12EC5-CBFC-47F3-AE72-F7724AACE758}.Debug|Any CPU.Build.0 = Debug|Any CPU
		{C0E12EC5-CBFC-47F3-AE72-F7724AACE758}.Release|Any CPU.ActiveCfg = Release|Any CPU
		{C0E12EC5-CBFC-47F3-AE72-F7724AACE758}.Release|Any CPU.Build.0 = Release|Any CPU
		{2B1F6818-EB78-480C-9FBC-A4129B1B427C}.Debug|Any CPU.ActiveCfg = Debug|Any CPU
		{2B1F6818-EB78-480C-9FBC-A4129B1B427C}.Debug|Any CPU.Build.0 = Debug|Any CPU
		{2B1F6818-EB78-480C-9FBC-A4129B1B427C}.Release|Any CPU.ActiveCfg = Release|Any CPU
		{2B1F6818-EB78-480C-9FBC-A4129B1B427C}.Release|Any CPU.Build.0 = Release|Any CPU
	EndGlobalSection
	GlobalSection(SolutionProperties) = preSolution
		HideSolutionNode = FALSE
	EndGlobalSection
EndGlobal
