
Microsoft Visual Studio Solution File, Format Version 12.00
# Visual Studio 14
VisualStudioVersion = 14.0.25420.1
MinimumVisualStudioVersion = 10.0.40219.1
Project("{FAE04EC0-301F-11D3-BF4B-00C04F79EFBC}") = "BinaryPasswords", "BinaryPasswords\BinaryPasswords.csproj", "{B4F619F8-6241-45FE-B3C3-2F3C3C435AF1}"
EndProject
Project("{FAE04EC0-301F-11D3-BF4B-00C04F79EFBC}") = "ColorRabbits", "ColorRabbits\ColorRabbits.csproj", "{121D8306-6652-4D0B-AC93-57B5C0C03771}"
EndProject
Project("{FAE04EC0-301F-11D3-BF4B-00C04F79EFBC}") = "Divisors", "Divisors\Divisors.csproj", "{6E51C70F-D3E0-4185-919A-FA43DED66E09}"
EndProject
Project("{FAE04EC0-301F-11D3-BF4B-00C04F79EFBC}") = "ColorBallsRow", "ColorBallsRow\ColorBallsRow.csproj", "{40DE92BA-E1E9-4398-9D57-9171BA1635E9}"
EndProject
Project("{FAE04EC0-301F-11D3-BF4B-00C04F79EFBC}") = "ZigzagRows", "ZigzagRows\ZigzagRows.csproj", "{7C233433-FA0A-4D73-BAD3-3B853437A7D6}"
EndProject
Global
	GlobalSection(SolutionConfigurationPlatforms) = preSolution
		Debug|Any CPU = Debug|Any CPU
		Release|Any CPU = Release|Any CPU
	EndGlobalSection
	GlobalSection(ProjectConfigurationPlatforms) = postSolution
		{B4F619F8-6241-45FE-B3C3-2F3C3C435AF1}.Debug|Any CPU.ActiveCfg = Debug|Any CPU
		{B4F619F8-6241-45FE-B3C3-2F3C3C435AF1}.Debug|Any CPU.Build.0 = Debug|Any CPU
		{B4F619F8-6241-45FE-B3C3-2F3C3C435AF1}.Release|Any CPU.ActiveCfg = Release|Any CPU
		{B4F619F8-6241-45FE-B3C3-2F3C3C435AF1}.Release|Any CPU.Build.0 = Release|Any CPU
		{121D8306-6652-4D0B-AC93-57B5C0C03771}.Debug|Any CPU.ActiveCfg = Debug|Any CPU
		{121D8306-6652-4D0B-AC93-57B5C0C03771}.Debug|Any CPU.Build.0 = Debug|Any CPU
		{121D8306-6652-4D0B-AC93-57B5C0C03771}.Release|Any CPU.ActiveCfg = Release|Any CPU
		{121D8306-6652-4D0B-AC93-57B5C0C03771}.Release|Any CPU.Build.0 = Release|Any CPU
		{6E51C70F-D3E0-4185-919A-FA43DED66E09}.Debug|Any CPU.ActiveCfg = Debug|Any CPU
		{6E51C70F-D3E0-4185-919A-FA43DED66E09}.Debug|Any CPU.Build.0 = Debug|Any CPU
		{6E51C70F-D3E0-4185-919A-FA43DED66E09}.Release|Any CPU.ActiveCfg = Release|Any CPU
		{6E51C70F-D3E0-4185-919A-FA43DED66E09}.Release|Any CPU.Build.0 = Release|Any CPU
		{40DE92BA-E1E9-4398-9D57-9171BA1635E9}.Debug|Any CPU.ActiveCfg = Debug|Any CPU
		{40DE92BA-E1E9-4398-9D57-9171BA1635E9}.Debug|Any CPU.Build.0 = Debug|Any CPU
		{40DE92BA-E1E9-4398-9D57-9171BA1635E9}.Release|Any CPU.ActiveCfg = Release|Any CPU
		{40DE92BA-E1E9-4398-9D57-9171BA1635E9}.Release|Any CPU.Build.0 = Release|Any CPU
		{7C233433-FA0A-4D73-BAD3-3B853437A7D6}.Debug|Any CPU.ActiveCfg = Debug|Any CPU
		{7C233433-FA0A-4D73-BAD3-3B853437A7D6}.Debug|Any CPU.Build.0 = Debug|Any CPU
		{7C233433-FA0A-4D73-BAD3-3B853437A7D6}.Release|Any CPU.ActiveCfg = Release|Any CPU
		{7C233433-FA0A-4D73-BAD3-3B853437A7D6}.Release|Any CPU.Build.0 = Release|Any CPU
	EndGlobalSection
	GlobalSection(SolutionProperties) = preSolution
		HideSolutionNode = FALSE
	EndGlobalSection
EndGlobal
