
Microsoft Visual Studio Solution File, Format Version 12.00
# Visual Studio 14
VisualStudioVersion = 14.0.25123.0
MinimumVisualStudioVersion = 10.0.40219.1
Project("{FAE04EC0-301F-11D3-BF4B-00C04F79EFBC}") = "01.DurankulakNumbers", "DurankulakNumbers\01.DurankulakNumbers.csproj", "{D3FE5D2E-F80D-473E-8405-8CE55A322770}"
EndProject
Project("{FAE04EC0-301F-11D3-BF4B-00C04F79EFBC}") = "02.JoroTheRabbit", "JoroTheRabbit\02.JoroTheRabbit.csproj", "{C229F466-55C5-47E3-8ACE-2F6AF95855F8}"
EndProject
Global
	GlobalSection(SolutionConfigurationPlatforms) = preSolution
		Debug|Any CPU = Debug|Any CPU
		Release|Any CPU = Release|Any CPU
	EndGlobalSection
	GlobalSection(ProjectConfigurationPlatforms) = postSolution
		{D3FE5D2E-F80D-473E-8405-8CE55A322770}.Debug|Any CPU.ActiveCfg = Debug|Any CPU
		{D3FE5D2E-F80D-473E-8405-8CE55A322770}.Debug|Any CPU.Build.0 = Debug|Any CPU
		{D3FE5D2E-F80D-473E-8405-8CE55A322770}.Release|Any CPU.ActiveCfg = Release|Any CPU
		{D3FE5D2E-F80D-473E-8405-8CE55A322770}.Release|Any CPU.Build.0 = Release|Any CPU
		{C229F466-55C5-47E3-8ACE-2F6AF95855F8}.Debug|Any CPU.ActiveCfg = Debug|Any CPU
		{C229F466-55C5-47E3-8ACE-2F6AF95855F8}.Debug|Any CPU.Build.0 = Debug|Any CPU
		{C229F466-55C5-47E3-8ACE-2F6AF95855F8}.Release|Any CPU.ActiveCfg = Release|Any CPU
		{C229F466-55C5-47E3-8ACE-2F6AF95855F8}.Release|Any CPU.Build.0 = Release|Any CPU
	EndGlobalSection
	GlobalSection(SolutionProperties) = preSolution
		HideSolutionNode = FALSE
	EndGlobalSection
EndGlobal
