
Microsoft Visual Studio Solution File, Format Version 12.00
# Visual Studio 2013
VisualStudioVersion = 12.0.30501.0
MinimumVisualStudioVersion = 10.0.40219.1
Project("{FAE04EC0-301F-11D3-BF4B-00C04F79EFBC}") = "01.From1ToN", "01.From1ToN\01.From1ToN.csproj", "{085B0696-137C-4632-BE4F-AC69AFD94883}"
EndProject
Project("{FAE04EC0-301F-11D3-BF4B-00C04F79EFBC}") = "02.NumbersNotDivisibleBy3And7", "02.NumbersNotDivisibleBy3And7\02.NumbersNotDivisibleBy3And7.csproj", "{43983FE8-CB00-43A1-92BE-24F49B6FD2C9}"
EndProject
Project("{FAE04EC0-301F-11D3-BF4B-00C04F79EFBC}") = "05.FactorialsFormula", "05.FactorialsFormula\05.FactorialsFormula.csproj", "{37506556-0C3F-4C68-A4D5-89C1D44FE0D9}"
EndProject
Project("{FAE04EC0-301F-11D3-BF4B-00C04F79EFBC}") = "04.FactorialDevidedByFactorial", "04.FactorialDevidedByFactorial\04.FactorialDevidedByFactorial.csproj", "{6D1D2287-6741-43B9-AE4C-5CAA8AAAB9CE}"
EndProject
Project("{FAE04EC0-301F-11D3-BF4B-00C04F79EFBC}") = "06.CalculateSumFormula", "06.CalculateSumFormula\06.CalculateSumFormula.csproj", "{39E8511B-8438-4769-9818-7A5D47F2A3E9}"
EndProject
Project("{FAE04EC0-301F-11D3-BF4B-00C04F79EFBC}") = "07.FibonacciSum", "07.FibonacciSum\07.FibonacciSum.csproj", "{703FF455-FF9F-4359-B281-72A69329F14B}"
EndProject
Project("{FAE04EC0-301F-11D3-BF4B-00C04F79EFBC}") = "08.GreatestCommonDivisor", "08.GreatestCommonDivisor\08.GreatestCommonDivisor.csproj", "{150C7540-3434-4116-9C78-39621D6770CA}"
EndProject
Project("{FAE04EC0-301F-11D3-BF4B-00C04F79EFBC}") = "09.10.CatalanNumbers", "09.10.CatalanNumbers\09.10.CatalanNumbers.csproj", "{546AB578-FFF6-44D2-8803-CF97A4ED7BF3}"
EndProject
Project("{FAE04EC0-301F-11D3-BF4B-00C04F79EFBC}") = "11.PlayingCardNames", "11.PlayingCardNames\11.PlayingCardNames.csproj", "{16F18BF4-11CA-4DB2-B968-156C672A4A2D}"
EndProject
Project("{FAE04EC0-301F-11D3-BF4B-00C04F79EFBC}") = "12.MatrixIncrease", "12.MatrixIncrease\12.MatrixIncrease.csproj", "{253AB14D-67F8-42FF-B968-01E0EB06C531}"
EndProject
Global
	GlobalSection(SolutionConfigurationPlatforms) = preSolution
		Debug|Any CPU = Debug|Any CPU
		Release|Any CPU = Release|Any CPU
	EndGlobalSection
	GlobalSection(ProjectConfigurationPlatforms) = postSolution
		{085B0696-137C-4632-BE4F-AC69AFD94883}.Debug|Any CPU.ActiveCfg = Debug|Any CPU
		{085B0696-137C-4632-BE4F-AC69AFD94883}.Debug|Any CPU.Build.0 = Debug|Any CPU
		{085B0696-137C-4632-BE4F-AC69AFD94883}.Release|Any CPU.ActiveCfg = Release|Any CPU
		{085B0696-137C-4632-BE4F-AC69AFD94883}.Release|Any CPU.Build.0 = Release|Any CPU
		{43983FE8-CB00-43A1-92BE-24F49B6FD2C9}.Debug|Any CPU.ActiveCfg = Debug|Any CPU
		{43983FE8-CB00-43A1-92BE-24F49B6FD2C9}.Debug|Any CPU.Build.0 = Debug|Any CPU
		{43983FE8-CB00-43A1-92BE-24F49B6FD2C9}.Release|Any CPU.ActiveCfg = Release|Any CPU
		{43983FE8-CB00-43A1-92BE-24F49B6FD2C9}.Release|Any CPU.Build.0 = Release|Any CPU
		{37506556-0C3F-4C68-A4D5-89C1D44FE0D9}.Debug|Any CPU.ActiveCfg = Debug|Any CPU
		{37506556-0C3F-4C68-A4D5-89C1D44FE0D9}.Debug|Any CPU.Build.0 = Debug|Any CPU
		{37506556-0C3F-4C68-A4D5-89C1D44FE0D9}.Release|Any CPU.ActiveCfg = Release|Any CPU
		{37506556-0C3F-4C68-A4D5-89C1D44FE0D9}.Release|Any CPU.Build.0 = Release|Any CPU
		{6D1D2287-6741-43B9-AE4C-5CAA8AAAB9CE}.Debug|Any CPU.ActiveCfg = Debug|Any CPU
		{6D1D2287-6741-43B9-AE4C-5CAA8AAAB9CE}.Debug|Any CPU.Build.0 = Debug|Any CPU
		{6D1D2287-6741-43B9-AE4C-5CAA8AAAB9CE}.Release|Any CPU.ActiveCfg = Release|Any CPU
		{6D1D2287-6741-43B9-AE4C-5CAA8AAAB9CE}.Release|Any CPU.Build.0 = Release|Any CPU
		{39E8511B-8438-4769-9818-7A5D47F2A3E9}.Debug|Any CPU.ActiveCfg = Debug|Any CPU
		{39E8511B-8438-4769-9818-7A5D47F2A3E9}.Debug|Any CPU.Build.0 = Debug|Any CPU
		{39E8511B-8438-4769-9818-7A5D47F2A3E9}.Release|Any CPU.ActiveCfg = Release|Any CPU
		{39E8511B-8438-4769-9818-7A5D47F2A3E9}.Release|Any CPU.Build.0 = Release|Any CPU
		{703FF455-FF9F-4359-B281-72A69329F14B}.Debug|Any CPU.ActiveCfg = Debug|Any CPU
		{703FF455-FF9F-4359-B281-72A69329F14B}.Debug|Any CPU.Build.0 = Debug|Any CPU
		{703FF455-FF9F-4359-B281-72A69329F14B}.Release|Any CPU.ActiveCfg = Release|Any CPU
		{703FF455-FF9F-4359-B281-72A69329F14B}.Release|Any CPU.Build.0 = Release|Any CPU
		{150C7540-3434-4116-9C78-39621D6770CA}.Debug|Any CPU.ActiveCfg = Debug|Any CPU
		{150C7540-3434-4116-9C78-39621D6770CA}.Debug|Any CPU.Build.0 = Debug|Any CPU
		{150C7540-3434-4116-9C78-39621D6770CA}.Release|Any CPU.ActiveCfg = Release|Any CPU
		{150C7540-3434-4116-9C78-39621D6770CA}.Release|Any CPU.Build.0 = Release|Any CPU
		{546AB578-FFF6-44D2-8803-CF97A4ED7BF3}.Debug|Any CPU.ActiveCfg = Debug|Any CPU
		{546AB578-FFF6-44D2-8803-CF97A4ED7BF3}.Debug|Any CPU.Build.0 = Debug|Any CPU
		{546AB578-FFF6-44D2-8803-CF97A4ED7BF3}.Release|Any CPU.ActiveCfg = Release|Any CPU
		{546AB578-FFF6-44D2-8803-CF97A4ED7BF3}.Release|Any CPU.Build.0 = Release|Any CPU
		{16F18BF4-11CA-4DB2-B968-156C672A4A2D}.Debug|Any CPU.ActiveCfg = Debug|Any CPU
		{16F18BF4-11CA-4DB2-B968-156C672A4A2D}.Debug|Any CPU.Build.0 = Debug|Any CPU
		{16F18BF4-11CA-4DB2-B968-156C672A4A2D}.Release|Any CPU.ActiveCfg = Release|Any CPU
		{16F18BF4-11CA-4DB2-B968-156C672A4A2D}.Release|Any CPU.Build.0 = Release|Any CPU
		{253AB14D-67F8-42FF-B968-01E0EB06C531}.Debug|Any CPU.ActiveCfg = Debug|Any CPU
		{253AB14D-67F8-42FF-B968-01E0EB06C531}.Debug|Any CPU.Build.0 = Debug|Any CPU
		{253AB14D-67F8-42FF-B968-01E0EB06C531}.Release|Any CPU.ActiveCfg = Release|Any CPU
		{253AB14D-67F8-42FF-B968-01E0EB06C531}.Release|Any CPU.Build.0 = Release|Any CPU
	EndGlobalSection
	GlobalSection(SolutionProperties) = preSolution
		HideSolutionNode = FALSE
	EndGlobalSection
EndGlobal
